// !$*UTF8*$!
{
	archiveVersion = 1;
	classes = {
	};
	objectVersion = 55;
	objects = {

/* Begin PBXBuildFile section */
		5B03E01C28C9CE630003E0DA /* RemoteFeedItem.swift in Sources */ = {isa = PBXBuildFile; fileRef = 5B03E01B28C9CE630003E0DA /* RemoteFeedItem.swift */; };
		5B03E01E28C9CEA80003E0DA /* LocalFeedImage.swift in Sources */ = {isa = PBXBuildFile; fileRef = 5B03E01D28C9CEA80003E0DA /* LocalFeedImage.swift */; };
		5B0665DA28B13D6D00B2B4E1 /* HTTPClient.swift in Sources */ = {isa = PBXBuildFile; fileRef = 5B0665D928B13D6D00B2B4E1 /* HTTPClient.swift */; };
		5B0665DC28B13DAB00B2B4E1 /* FeedItemsMapper.swift in Sources */ = {isa = PBXBuildFile; fileRef = 5B0665DB28B13DAB00B2B4E1 /* FeedItemsMapper.swift */; };
		5B1ED283290BBEE20072088F /* Feed.strings in Resources */ = {isa = PBXBuildFile; fileRef = 5B1ED285290BBEE20072088F /* Feed.strings */; };
		5B21B23328B8A6FE00B576EF /* XCTestCase+MemoryLeakTracking.swift in Sources */ = {isa = PBXBuildFile; fileRef = 5B21B23228B8A6FE00B576EF /* XCTestCase+MemoryLeakTracking.swift */; };
		5B21B23528B8B6C900B576EF /* URLSessionHTTPClient.swift in Sources */ = {isa = PBXBuildFile; fileRef = 5B21B23428B8B6C900B576EF /* URLSessionHTTPClient.swift */; };
		5B249EBB28B3A86900F53AA8 /* URLSessionHTTPClientTests.swift in Sources */ = {isa = PBXBuildFile; fileRef = 5B249EBA28B3A86900F53AA8 /* URLSessionHTTPClientTests.swift */; };
		5B3D5BDE28DAEC3500AB2218 /* CoreDataFeedStoreTests.swift in Sources */ = {isa = PBXBuildFile; fileRef = 5B3D5BDD28DAEC3500AB2218 /* CoreDataFeedStoreTests.swift */; };
		5B3D5BE028DAEC9F00AB2218 /* CoreDataFeedStore.swift in Sources */ = {isa = PBXBuildFile; fileRef = 5B3D5BDF28DAEC9F00AB2218 /* CoreDataFeedStore.swift */; };
		5B3D5BE328DAEEC900AB2218 /* FeedStore.xcdatamodeld in Sources */ = {isa = PBXBuildFile; fileRef = 5B3D5BE128DAEEC900AB2218 /* FeedStore.xcdatamodeld */; };
		5B42A80B28C878DC00B29B47 /* LocalFeedLoader.swift in Sources */ = {isa = PBXBuildFile; fileRef = 5B42A80A28C878DC00B29B47 /* LocalFeedLoader.swift */; };
		5B42A80D28C8794900B29B47 /* FeedStore.swift in Sources */ = {isa = PBXBuildFile; fileRef = 5B42A80C28C8794900B29B47 /* FeedStore.swift */; };
		5B4462002907C3CC005A2EBC /* FeedViewController+TestHelpers.swift in Sources */ = {isa = PBXBuildFile; fileRef = 5B4461FF2907C3CC005A2EBC /* FeedViewController+TestHelpers.swift */; };
		5B4462022907C4E6005A2EBC /* UIButton+TestHelpers.swift in Sources */ = {isa = PBXBuildFile; fileRef = 5B4462012907C4E6005A2EBC /* UIButton+TestHelpers.swift */; };
		5B4462042907C515005A2EBC /* UIControl+TestHelpers.swift in Sources */ = {isa = PBXBuildFile; fileRef = 5B4462032907C515005A2EBC /* UIControl+TestHelpers.swift */; };
		5B4462062907C545005A2EBC /* UIImage+TestHelpers.swift in Sources */ = {isa = PBXBuildFile; fileRef = 5B4462052907C545005A2EBC /* UIImage+TestHelpers.swift */; };
		5B4462082907C5AE005A2EBC /* UIRefreshControl+TestHelpers.swift in Sources */ = {isa = PBXBuildFile; fileRef = 5B4462072907C5AE005A2EBC /* UIRefreshControl+TestHelpers.swift */; };
		5B44620A2907C60D005A2EBC /* FeedImageCell+TestHelpers.swift in Sources */ = {isa = PBXBuildFile; fileRef = 5B4462092907C60D005A2EBC /* FeedImageCell+TestHelpers.swift */; };
		5B44620C2907C65E005A2EBC /* FeedUIIntegrationTests+LoaderSpy.swift in Sources */ = {isa = PBXBuildFile; fileRef = 5B44620B2907C65E005A2EBC /* FeedUIIntegrationTests+LoaderSpy.swift */; };
		5B44620E2907C6D8005A2EBC /* FeedUIIntegrationTests+Assertions.swift in Sources */ = {isa = PBXBuildFile; fileRef = 5B44620D2907C6D8005A2EBC /* FeedUIIntegrationTests+Assertions.swift */; };
		5B4C4CE028F3FD2F000C2F70 /* XCTestCase+MemoryLeakTracking.swift in Sources */ = {isa = PBXBuildFile; fileRef = 5B21B23228B8A6FE00B576EF /* XCTestCase+MemoryLeakTracking.swift */; };
		5B6CFED7290A703600696E80 /* FeedPresenterTests.swift in Sources */ = {isa = PBXBuildFile; fileRef = 5B6CFED6290A703600696E80 /* FeedPresenterTests.swift */; };
		5B7E44EA2900258C00C947CE /* Feed.storyboard in Resources */ = {isa = PBXBuildFile; fileRef = 5B7E44E92900258C00C947CE /* Feed.storyboard */; };
		5B7E44EC2900262400C947CE /* Feed.xcassets in Resources */ = {isa = PBXBuildFile; fileRef = 5B7E44EB2900262400C947CE /* Feed.xcassets */; };
		5B86F0CA28ACC2F000794424 /* EssentialFeed.docc in Sources */ = {isa = PBXBuildFile; fileRef = 5B86F0C928ACC2F000794424 /* EssentialFeed.docc */; };
		5B86F0D028ACC2F000794424 /* EssentialFeed.framework in Frameworks */ = {isa = PBXBuildFile; fileRef = 5B86F0C528ACC2F000794424 /* EssentialFeed.framework */; };
		5B86F0D628ACC2F000794424 /* EssentialFeed.h in Headers */ = {isa = PBXBuildFile; fileRef = 5B86F0C828ACC2F000794424 /* EssentialFeed.h */; settings = {ATTRIBUTES = (Public, ); }; };
		5B86F0E028ACC32C00794424 /* FeedImage.swift in Sources */ = {isa = PBXBuildFile; fileRef = 5B86F0DF28ACC32C00794424 /* FeedImage.swift */; };
		5B86F0E228ACC3B000794424 /* FeedLoader.swift in Sources */ = {isa = PBXBuildFile; fileRef = 5B86F0E128ACC3B000794424 /* FeedLoader.swift */; };
		5B86F0E528ACC56900794424 /* LoadFeedFromRemoteUseCasesTests.swift in Sources */ = {isa = PBXBuildFile; fileRef = 5B86F0E428ACC56900794424 /* LoadFeedFromRemoteUseCasesTests.swift */; };
		5B86F0E928AD15A900794424 /* RemoteFeedLoader.swift in Sources */ = {isa = PBXBuildFile; fileRef = 5B86F0E828AD15A900794424 /* RemoteFeedLoader.swift */; };
		5B95D2C428FD7E2C0062DA50 /* FeedPresenter.swift in Sources */ = {isa = PBXBuildFile; fileRef = 5B95D2C328FD7E2C0062DA50 /* FeedPresenter.swift */; };
		5B9BF82428F54C1A00185240 /* FeedImageCell.swift in Sources */ = {isa = PBXBuildFile; fileRef = 5B9BF82328F54C1A00185240 /* FeedImageCell.swift */; };
		5B9BFA1F2909151B00D3EDE1 /* ErrorView.swift in Sources */ = {isa = PBXBuildFile; fileRef = 5B9BFA1E2909151B00D3EDE1 /* ErrorView.swift */; };
		5B9BFA222909209C00D3EDE1 /* FeedErrorViewModel.swift in Sources */ = {isa = PBXBuildFile; fileRef = 5B9BFA212909209C00D3EDE1 /* FeedErrorViewModel.swift */; };
		5B9BFA24290920E600D3EDE1 /* UIRefreshControl+Helpers.swift in Sources */ = {isa = PBXBuildFile; fileRef = 5B9BFA23290920E600D3EDE1 /* UIRefreshControl+Helpers.swift */; };
		5BA7A0DC28F00B11001CD37C /* EssentialFeed.framework in Frameworks */ = {isa = PBXBuildFile; fileRef = 5B86F0C528ACC2F000794424 /* EssentialFeed.framework */; platformFilter = ios; };
		5BA7A0DD28F00B11001CD37C /* EssentialFeed.framework in Embed Frameworks */ = {isa = PBXBuildFile; fileRef = 5B86F0C528ACC2F000794424 /* EssentialFeed.framework */; platformFilter = ios; settings = {ATTRIBUTES = (CodeSignOnCopy, RemoveHeadersOnCopy, ); }; };
		5BA93E12290284B800AA1949 /* FeedViewContellerTests+Localization.swift in Sources */ = {isa = PBXBuildFile; fileRef = 5BA93E11290284B800AA1949 /* FeedViewContellerTests+Localization.swift */; };
		5BA93E142902864A00AA1949 /* Feed.strings in Resources */ = {isa = PBXBuildFile; fileRef = 5BA93E162902864A00AA1949 /* Feed.strings */; };
		5BA93E1B2902875300AA1949 /* FeedLocalizationTests.swift in Sources */ = {isa = PBXBuildFile; fileRef = 5BA93E1A2902875300AA1949 /* FeedLocalizationTests.swift */; };
		5BAB32D428EEB5260094B90D /* EssentialFeediOS.docc in Sources */ = {isa = PBXBuildFile; fileRef = 5BAB32D328EEB5260094B90D /* EssentialFeediOS.docc */; };
		5BAB32DA28EEB5260094B90D /* EssentialFeediOS.framework in Frameworks */ = {isa = PBXBuildFile; fileRef = 5BAB32D028EEB5250094B90D /* EssentialFeediOS.framework */; };
		5BAB32E028EEB5260094B90D /* EssentialFeediOS.h in Headers */ = {isa = PBXBuildFile; fileRef = 5BAB32D228EEB5260094B90D /* EssentialFeediOS.h */; settings = {ATTRIBUTES = (Public, ); }; };
		5BAB32E828EEB8620094B90D /* FeedViewController.swift in Sources */ = {isa = PBXBuildFile; fileRef = 5BAB32E728EEB8620094B90D /* FeedViewController.swift */; };
		5BAB32EB28EEB8930094B90D /* FeedUIIntegrationTests.swift in Sources */ = {isa = PBXBuildFile; fileRef = 5BAB32EA28EEB8930094B90D /* FeedUIIntegrationTests.swift */; };
		5BABA9FD28BC97F100661412 /* EssentialFeedAPIEndToEndTests.swift in Sources */ = {isa = PBXBuildFile; fileRef = 5BABA9FC28BC97F100661412 /* EssentialFeedAPIEndToEndTests.swift */; };
		5BABA9FE28BC97F100661412 /* EssentialFeed.framework in Frameworks */ = {isa = PBXBuildFile; fileRef = 5B86F0C528ACC2F000794424 /* EssentialFeed.framework */; };
		5BABAA0428BC9BEE00661412 /* XCTestCase+MemoryLeakTracking.swift in Sources */ = {isa = PBXBuildFile; fileRef = 5B21B23228B8A6FE00B576EF /* XCTestCase+MemoryLeakTracking.swift */; };
		5BB3A94B28CF0E3E00A56CAE /* FeedCachePolicy.swift in Sources */ = {isa = PBXBuildFile; fileRef = 5BB3A94A28CF0E3E00A56CAE /* FeedCachePolicy.swift */; };
		5BB4CA7C28C724C000295FC7 /* CacheFeedUseCaseTests.swift in Sources */ = {isa = PBXBuildFile; fileRef = 5BB4CA7B28C724C000295FC7 /* CacheFeedUseCaseTests.swift */; };
		5BBC2ED228D3100B0007EA9A /* CodableFeedStore.swift in Sources */ = {isa = PBXBuildFile; fileRef = 5BBC2ED128D3100B0007EA9A /* CodableFeedStore.swift */; };
		5BC02816290138670004D9B6 /* UITableView+Dequeueing.swift in Sources */ = {isa = PBXBuildFile; fileRef = 5BC02815290138670004D9B6 /* UITableView+Dequeueing.swift */; };
		5BC02818290139D40004D9B6 /* UIImageView+Animations.swift in Sources */ = {isa = PBXBuildFile; fileRef = 5BC02817290139D40004D9B6 /* UIImageView+Animations.swift */; };
		5BC189E428CB1E1C008451E6 /* ValidateFeedCacheUseCaseTests.swift in Sources */ = {isa = PBXBuildFile; fileRef = 5BC189E328CB1E1C008451E6 /* ValidateFeedCacheUseCaseTests.swift */; };
		5BC189E628CB23EE008451E6 /* FeedCacheTestHelpers.swift in Sources */ = {isa = PBXBuildFile; fileRef = 5BC189E528CB23EE008451E6 /* FeedCacheTestHelpers.swift */; };
		5BC189E828CB2487008451E6 /* SharedTestHelpers.swift in Sources */ = {isa = PBXBuildFile; fileRef = 5BC189E728CB2487008451E6 /* SharedTestHelpers.swift */; };
		5BC384EE28F93EA400F41A21 /* FeedImageDataLoader.swift in Sources */ = {isa = PBXBuildFile; fileRef = 5BC384ED28F93EA400F41A21 /* FeedImageDataLoader.swift */; };
		5BC384F228F9480F00F41A21 /* FeedImageCellController.swift in Sources */ = {isa = PBXBuildFile; fileRef = 5BC384F128F9480F00F41A21 /* FeedImageCellController.swift */; };
		5BC384F528F94DB100F41A21 /* FeedUIComposer.swift in Sources */ = {isa = PBXBuildFile; fileRef = 5BC384F428F94DB100F41A21 /* FeedUIComposer.swift */; };
		5BCFC8C428D9A0300072A6B0 /* FeedStoreSpecs.swift in Sources */ = {isa = PBXBuildFile; fileRef = 5BCFC8C328D9A0300072A6B0 /* FeedStoreSpecs.swift */; };
		5BCFC8C628D9A0A50072A6B0 /* XCTestCase+FeedStoreSpecs.swift in Sources */ = {isa = PBXBuildFile; fileRef = 5BCFC8C528D9A0A50072A6B0 /* XCTestCase+FeedStoreSpecs.swift */; };
		5BCFC8C828D9A1EB0072A6B0 /* XCTestCase+FailableRetrieveFeedStoreSpecs.swift in Sources */ = {isa = PBXBuildFile; fileRef = 5BCFC8C728D9A1EB0072A6B0 /* XCTestCase+FailableRetrieveFeedStoreSpecs.swift */; };
		5BCFC8CA28D9A2520072A6B0 /* XCTestCase+FailableInsertFeedStoreSpecs.swift in Sources */ = {isa = PBXBuildFile; fileRef = 5BCFC8C928D9A2520072A6B0 /* XCTestCase+FailableInsertFeedStoreSpecs.swift */; };
		5BCFC8CC28D9A2D60072A6B0 /* XCTestCase+FailableDeleteFeedStoreSpecs.swift in Sources */ = {isa = PBXBuildFile; fileRef = 5BCFC8CB28D9A2D60072A6B0 /* XCTestCase+FailableDeleteFeedStoreSpecs.swift */; };
		5BD65FA228F5EE53000A4C5D /* UIView+Shimmering.swift in Sources */ = {isa = PBXBuildFile; fileRef = 5BD65FA128F5EE53000A4C5D /* UIView+Shimmering.swift */; };
		5BDFAA3128E2D2D5009B2775 /* EssentialFeedCacheIntegrationTests.swift in Sources */ = {isa = PBXBuildFile; fileRef = 5BDFAA3028E2D2D5009B2775 /* EssentialFeedCacheIntegrationTests.swift */; };
		5BDFAA3228E2D2D5009B2775 /* EssentialFeed.framework in Frameworks */ = {isa = PBXBuildFile; fileRef = 5B86F0C528ACC2F000794424 /* EssentialFeed.framework */; };
		5BDFAA3828E2D43B009B2775 /* XCTestCase+MemoryLeakTracking.swift in Sources */ = {isa = PBXBuildFile; fileRef = 5B21B23228B8A6FE00B576EF /* XCTestCase+MemoryLeakTracking.swift */; };
		5BDFAA3928E2D671009B2775 /* FeedCacheTestHelpers.swift in Sources */ = {isa = PBXBuildFile; fileRef = 5BC189E528CB23EE008451E6 /* FeedCacheTestHelpers.swift */; };
		5BDFAA3A28E2D67B009B2775 /* SharedTestHelpers.swift in Sources */ = {isa = PBXBuildFile; fileRef = 5BC189E728CB2487008451E6 /* SharedTestHelpers.swift */; };
		5BE0F74328D061B0006CA3B7 /* CodableFeedStoreTests.swift in Sources */ = {isa = PBXBuildFile; fileRef = 5BE0F74228D061B0006CA3B7 /* CodableFeedStoreTests.swift */; };
		5BF0883328DC498D002F6153 /* CoreDataHelpers.swift in Sources */ = {isa = PBXBuildFile; fileRef = 5BF0883228DC498D002F6153 /* CoreDataHelpers.swift */; };
		5BF0883528DC4A0F002F6153 /* ManagedCache.swift in Sources */ = {isa = PBXBuildFile; fileRef = 5BF0883428DC4A0F002F6153 /* ManagedCache.swift */; };
		5BF0883728DC4A37002F6153 /* ManagedFeedImage.swift in Sources */ = {isa = PBXBuildFile; fileRef = 5BF0883628DC4A37002F6153 /* ManagedFeedImage.swift */; };
		5BF28C5328FFD99B00293D07 /* FeedImagePresenter.swift in Sources */ = {isa = PBXBuildFile; fileRef = 5BF28C5228FFD99B00293D07 /* FeedImagePresenter.swift */; };
		5BF28C5528FFD9F700293D07 /* FeedViewModel.swift in Sources */ = {isa = PBXBuildFile; fileRef = 5BF28C5428FFD9F700293D07 /* FeedViewModel.swift */; };
		5BF28C5728FFDA1100293D07 /* FeedLoadingViewModel.swift in Sources */ = {isa = PBXBuildFile; fileRef = 5BF28C5628FFDA1100293D07 /* FeedLoadingViewModel.swift */; };
		5BF28C5928FFDC0A00293D07 /* FeedImageViewModel.swift in Sources */ = {isa = PBXBuildFile; fileRef = 5BF28C5828FFDC0A00293D07 /* FeedImageViewModel.swift */; };
		5BF3FB1B290677A1001D1A6C /* MainQueueDispatchDecorator.swift in Sources */ = {isa = PBXBuildFile; fileRef = 5BF3FB1A290677A1001D1A6C /* MainQueueDispatchDecorator.swift */; };
		5BF3FB1D29067813001D1A6C /* WeakRefVirtualProxy.swift in Sources */ = {isa = PBXBuildFile; fileRef = 5BF3FB1C29067813001D1A6C /* WeakRefVirtualProxy.swift */; };
		5BF3FB1F29067865001D1A6C /* FeedViewAdapter.swift in Sources */ = {isa = PBXBuildFile; fileRef = 5BF3FB1E29067865001D1A6C /* FeedViewAdapter.swift */; };
		5BF3FB21290678B1001D1A6C /* FeedLoaderPresentationAdapter.swift in Sources */ = {isa = PBXBuildFile; fileRef = 5BF3FB20290678B1001D1A6C /* FeedLoaderPresentationAdapter.swift */; };
		5BF3FB23290678E5001D1A6C /* FeedImageDataLoaderPresentationAdapter.swift in Sources */ = {isa = PBXBuildFile; fileRef = 5BF3FB22290678E5001D1A6C /* FeedImageDataLoaderPresentationAdapter.swift */; };
		5BF7C64F28CA047A000C6E7D /* LoadFeedFromCacheUseCaseTests.swift in Sources */ = {isa = PBXBuildFile; fileRef = 5BF7C64E28CA047A000C6E7D /* LoadFeedFromCacheUseCaseTests.swift */; };
		5BF7C65228CA05E5000C6E7D /* FeedStoreSpy.swift in Sources */ = {isa = PBXBuildFile; fileRef = 5BF7C65128CA05E5000C6E7D /* FeedStoreSpy.swift */; };
/* End PBXBuildFile section */

/* Begin PBXContainerItemProxy section */
		5B86F0D128ACC2F000794424 /* PBXContainerItemProxy */ = {
			isa = PBXContainerItemProxy;
			containerPortal = 5B86F0BC28ACC2F000794424 /* Project object */;
			proxyType = 1;
			remoteGlobalIDString = 5B86F0C428ACC2F000794424;
			remoteInfo = EssentialFeed;
		};
		5BA7A0DE28F00B11001CD37C /* PBXContainerItemProxy */ = {
			isa = PBXContainerItemProxy;
			containerPortal = 5B86F0BC28ACC2F000794424 /* Project object */;
			proxyType = 1;
			remoteGlobalIDString = 5B86F0C428ACC2F000794424;
			remoteInfo = EssentialFeed;
		};
		5BAB32DB28EEB5260094B90D /* PBXContainerItemProxy */ = {
			isa = PBXContainerItemProxy;
			containerPortal = 5B86F0BC28ACC2F000794424 /* Project object */;
			proxyType = 1;
			remoteGlobalIDString = 5BAB32CF28EEB5250094B90D;
			remoteInfo = EssentialFeediOS;
		};
		5BABA9FF28BC97F100661412 /* PBXContainerItemProxy */ = {
			isa = PBXContainerItemProxy;
			containerPortal = 5B86F0BC28ACC2F000794424 /* Project object */;
			proxyType = 1;
			remoteGlobalIDString = 5B86F0C428ACC2F000794424;
			remoteInfo = EssentialFeed;
		};
		5BDFAA3328E2D2D5009B2775 /* PBXContainerItemProxy */ = {
			isa = PBXContainerItemProxy;
			containerPortal = 5B86F0BC28ACC2F000794424 /* Project object */;
			proxyType = 1;
			remoteGlobalIDString = 5B86F0C428ACC2F000794424;
			remoteInfo = EssentialFeed;
		};
/* End PBXContainerItemProxy section */

/* Begin PBXCopyFilesBuildPhase section */
		5BA7A0E028F00B11001CD37C /* Embed Frameworks */ = {
			isa = PBXCopyFilesBuildPhase;
			buildActionMask = 2147483647;
			dstPath = "";
			dstSubfolderSpec = 10;
			files = (
				5BA7A0DD28F00B11001CD37C /* EssentialFeed.framework in Embed Frameworks */,
			);
			name = "Embed Frameworks";
			runOnlyForDeploymentPostprocessing = 0;
		};
/* End PBXCopyFilesBuildPhase section */

/* Begin PBXFileReference section */
		5B03E01B28C9CE630003E0DA /* RemoteFeedItem.swift */ = {isa = PBXFileReference; lastKnownFileType = sourcecode.swift; path = RemoteFeedItem.swift; sourceTree = "<group>"; };
		5B03E01D28C9CEA80003E0DA /* LocalFeedImage.swift */ = {isa = PBXFileReference; lastKnownFileType = sourcecode.swift; path = LocalFeedImage.swift; sourceTree = "<group>"; };
		5B0665D928B13D6D00B2B4E1 /* HTTPClient.swift */ = {isa = PBXFileReference; lastKnownFileType = sourcecode.swift; path = HTTPClient.swift; sourceTree = "<group>"; };
		5B0665DB28B13DAB00B2B4E1 /* FeedItemsMapper.swift */ = {isa = PBXFileReference; lastKnownFileType = sourcecode.swift; path = FeedItemsMapper.swift; sourceTree = "<group>"; };
		5B1ED284290BBEE20072088F /* en */ = {isa = PBXFileReference; lastKnownFileType = text.plist.strings; name = en; path = en.lproj/Feed.strings; sourceTree = "<group>"; };
		5B1ED286290BBEE70072088F /* el */ = {isa = PBXFileReference; lastKnownFileType = text.plist.strings; name = el; path = el.lproj/Feed.strings; sourceTree = "<group>"; };
		5B1ED287290BBEE80072088F /* pt-PT */ = {isa = PBXFileReference; lastKnownFileType = text.plist.strings; name = "pt-PT"; path = "pt-PT.lproj/Feed.strings"; sourceTree = "<group>"; };
		5B21B23228B8A6FE00B576EF /* XCTestCase+MemoryLeakTracking.swift */ = {isa = PBXFileReference; lastKnownFileType = sourcecode.swift; path = "XCTestCase+MemoryLeakTracking.swift"; sourceTree = "<group>"; };
		5B21B23428B8B6C900B576EF /* URLSessionHTTPClient.swift */ = {isa = PBXFileReference; lastKnownFileType = sourcecode.swift; path = URLSessionHTTPClient.swift; sourceTree = "<group>"; };
		5B249EBA28B3A86900F53AA8 /* URLSessionHTTPClientTests.swift */ = {isa = PBXFileReference; lastKnownFileType = sourcecode.swift; path = URLSessionHTTPClientTests.swift; sourceTree = "<group>"; };
		5B3D5BDD28DAEC3500AB2218 /* CoreDataFeedStoreTests.swift */ = {isa = PBXFileReference; lastKnownFileType = sourcecode.swift; path = CoreDataFeedStoreTests.swift; sourceTree = "<group>"; };
		5B3D5BDF28DAEC9F00AB2218 /* CoreDataFeedStore.swift */ = {isa = PBXFileReference; lastKnownFileType = sourcecode.swift; path = CoreDataFeedStore.swift; sourceTree = "<group>"; };
		5B3D5BE228DAEEC900AB2218 /* FeedStore.xcdatamodel */ = {isa = PBXFileReference; lastKnownFileType = wrapper.xcdatamodel; path = FeedStore.xcdatamodel; sourceTree = "<group>"; };
		5B42A80A28C878DC00B29B47 /* LocalFeedLoader.swift */ = {isa = PBXFileReference; lastKnownFileType = sourcecode.swift; path = LocalFeedLoader.swift; sourceTree = "<group>"; };
		5B42A80C28C8794900B29B47 /* FeedStore.swift */ = {isa = PBXFileReference; lastKnownFileType = sourcecode.swift; path = FeedStore.swift; sourceTree = "<group>"; };
		5B4461FF2907C3CC005A2EBC /* FeedViewController+TestHelpers.swift */ = {isa = PBXFileReference; lastKnownFileType = sourcecode.swift; path = "FeedViewController+TestHelpers.swift"; sourceTree = "<group>"; };
		5B4462012907C4E6005A2EBC /* UIButton+TestHelpers.swift */ = {isa = PBXFileReference; lastKnownFileType = sourcecode.swift; path = "UIButton+TestHelpers.swift"; sourceTree = "<group>"; };
		5B4462032907C515005A2EBC /* UIControl+TestHelpers.swift */ = {isa = PBXFileReference; lastKnownFileType = sourcecode.swift; path = "UIControl+TestHelpers.swift"; sourceTree = "<group>"; };
		5B4462052907C545005A2EBC /* UIImage+TestHelpers.swift */ = {isa = PBXFileReference; lastKnownFileType = sourcecode.swift; path = "UIImage+TestHelpers.swift"; sourceTree = "<group>"; };
		5B4462072907C5AE005A2EBC /* UIRefreshControl+TestHelpers.swift */ = {isa = PBXFileReference; lastKnownFileType = sourcecode.swift; path = "UIRefreshControl+TestHelpers.swift"; sourceTree = "<group>"; };
		5B4462092907C60D005A2EBC /* FeedImageCell+TestHelpers.swift */ = {isa = PBXFileReference; lastKnownFileType = sourcecode.swift; path = "FeedImageCell+TestHelpers.swift"; sourceTree = "<group>"; };
		5B44620B2907C65E005A2EBC /* FeedUIIntegrationTests+LoaderSpy.swift */ = {isa = PBXFileReference; lastKnownFileType = sourcecode.swift; path = "FeedUIIntegrationTests+LoaderSpy.swift"; sourceTree = "<group>"; };
		5B44620D2907C6D8005A2EBC /* FeedUIIntegrationTests+Assertions.swift */ = {isa = PBXFileReference; lastKnownFileType = sourcecode.swift; path = "FeedUIIntegrationTests+Assertions.swift"; sourceTree = "<group>"; };
		5B6CFED6290A703600696E80 /* FeedPresenterTests.swift */ = {isa = PBXFileReference; lastKnownFileType = sourcecode.swift; path = FeedPresenterTests.swift; sourceTree = "<group>"; };
		5B7E44E92900258C00C947CE /* Feed.storyboard */ = {isa = PBXFileReference; fileEncoding = 4; lastKnownFileType = file.storyboard; path = Feed.storyboard; sourceTree = "<group>"; };
		5B7E44EB2900262400C947CE /* Feed.xcassets */ = {isa = PBXFileReference; lastKnownFileType = folder.assetcatalog; path = Feed.xcassets; sourceTree = "<group>"; };
		5B86F0C528ACC2F000794424 /* EssentialFeed.framework */ = {isa = PBXFileReference; explicitFileType = wrapper.framework; includeInIndex = 0; path = EssentialFeed.framework; sourceTree = BUILT_PRODUCTS_DIR; };
		5B86F0C828ACC2F000794424 /* EssentialFeed.h */ = {isa = PBXFileReference; lastKnownFileType = sourcecode.c.h; path = EssentialFeed.h; sourceTree = "<group>"; };
		5B86F0C928ACC2F000794424 /* EssentialFeed.docc */ = {isa = PBXFileReference; lastKnownFileType = folder.documentationcatalog; path = EssentialFeed.docc; sourceTree = "<group>"; };
		5B86F0CF28ACC2F000794424 /* EssentialFeedTests.xctest */ = {isa = PBXFileReference; explicitFileType = wrapper.cfbundle; includeInIndex = 0; path = EssentialFeedTests.xctest; sourceTree = BUILT_PRODUCTS_DIR; };
		5B86F0DF28ACC32C00794424 /* FeedImage.swift */ = {isa = PBXFileReference; lastKnownFileType = sourcecode.swift; path = FeedImage.swift; sourceTree = "<group>"; };
		5B86F0E128ACC3B000794424 /* FeedLoader.swift */ = {isa = PBXFileReference; lastKnownFileType = sourcecode.swift; path = FeedLoader.swift; sourceTree = "<group>"; };
		5B86F0E428ACC56900794424 /* LoadFeedFromRemoteUseCasesTests.swift */ = {isa = PBXFileReference; lastKnownFileType = sourcecode.swift; path = LoadFeedFromRemoteUseCasesTests.swift; sourceTree = "<group>"; };
		5B86F0E828AD15A900794424 /* RemoteFeedLoader.swift */ = {isa = PBXFileReference; lastKnownFileType = sourcecode.swift; path = RemoteFeedLoader.swift; sourceTree = "<group>"; };
		5B95D2C328FD7E2C0062DA50 /* FeedPresenter.swift */ = {isa = PBXFileReference; lastKnownFileType = sourcecode.swift; path = FeedPresenter.swift; sourceTree = "<group>"; };
		5B9BF82328F54C1A00185240 /* FeedImageCell.swift */ = {isa = PBXFileReference; lastKnownFileType = sourcecode.swift; path = FeedImageCell.swift; sourceTree = "<group>"; };
		5B9BFA1E2909151B00D3EDE1 /* ErrorView.swift */ = {isa = PBXFileReference; lastKnownFileType = sourcecode.swift; path = ErrorView.swift; sourceTree = "<group>"; };
		5B9BFA212909209C00D3EDE1 /* FeedErrorViewModel.swift */ = {isa = PBXFileReference; lastKnownFileType = sourcecode.swift; path = FeedErrorViewModel.swift; sourceTree = "<group>"; };
		5B9BFA23290920E600D3EDE1 /* UIRefreshControl+Helpers.swift */ = {isa = PBXFileReference; lastKnownFileType = sourcecode.swift; path = "UIRefreshControl+Helpers.swift"; sourceTree = "<group>"; };
		5BA93E11290284B800AA1949 /* FeedViewContellerTests+Localization.swift */ = {isa = PBXFileReference; lastKnownFileType = sourcecode.swift; path = "FeedViewContellerTests+Localization.swift"; sourceTree = "<group>"; };
		5BA93E152902864A00AA1949 /* en */ = {isa = PBXFileReference; lastKnownFileType = text.plist.strings; name = en; path = en.lproj/Feed.strings; sourceTree = "<group>"; };
		5BA93E172902867D00AA1949 /* pt-PT */ = {isa = PBXFileReference; lastKnownFileType = text.plist.strings; name = "pt-PT"; path = "pt-PT.lproj/Feed.strings"; sourceTree = "<group>"; };
		5BA93E18290286BA00AA1949 /* el */ = {isa = PBXFileReference; lastKnownFileType = text.plist.strings; name = el; path = el.lproj/Feed.strings; sourceTree = "<group>"; };
		5BA93E1A2902875300AA1949 /* FeedLocalizationTests.swift */ = {isa = PBXFileReference; lastKnownFileType = sourcecode.swift; path = FeedLocalizationTests.swift; sourceTree = "<group>"; };
		5BAB32D028EEB5250094B90D /* EssentialFeediOS.framework */ = {isa = PBXFileReference; explicitFileType = wrapper.framework; includeInIndex = 0; path = EssentialFeediOS.framework; sourceTree = BUILT_PRODUCTS_DIR; };
		5BAB32D228EEB5260094B90D /* EssentialFeediOS.h */ = {isa = PBXFileReference; lastKnownFileType = sourcecode.c.h; path = EssentialFeediOS.h; sourceTree = "<group>"; };
		5BAB32D328EEB5260094B90D /* EssentialFeediOS.docc */ = {isa = PBXFileReference; lastKnownFileType = folder.documentationcatalog; path = EssentialFeediOS.docc; sourceTree = "<group>"; };
		5BAB32D928EEB5260094B90D /* EssentialFeediOSTests.xctest */ = {isa = PBXFileReference; explicitFileType = wrapper.cfbundle; includeInIndex = 0; path = EssentialFeediOSTests.xctest; sourceTree = BUILT_PRODUCTS_DIR; };
		5BAB32E728EEB8620094B90D /* FeedViewController.swift */ = {isa = PBXFileReference; lastKnownFileType = sourcecode.swift; path = FeedViewController.swift; sourceTree = "<group>"; };
		5BAB32E928EEB8920094B90D /* EssentialFeediOSTests-Bridging-Header.h */ = {isa = PBXFileReference; lastKnownFileType = sourcecode.c.h; path = "EssentialFeediOSTests-Bridging-Header.h"; sourceTree = "<group>"; };
		5BAB32EA28EEB8930094B90D /* FeedUIIntegrationTests.swift */ = {isa = PBXFileReference; lastKnownFileType = sourcecode.swift; path = FeedUIIntegrationTests.swift; sourceTree = "<group>"; };
		5BABA9FA28BC97F100661412 /* EssentialFeedAPIEndToEndTests.xctest */ = {isa = PBXFileReference; explicitFileType = wrapper.cfbundle; includeInIndex = 0; path = EssentialFeedAPIEndToEndTests.xctest; sourceTree = BUILT_PRODUCTS_DIR; };
		5BABA9FC28BC97F100661412 /* EssentialFeedAPIEndToEndTests.swift */ = {isa = PBXFileReference; lastKnownFileType = sourcecode.swift; path = EssentialFeedAPIEndToEndTests.swift; sourceTree = "<group>"; };
		5BB3A94A28CF0E3E00A56CAE /* FeedCachePolicy.swift */ = {isa = PBXFileReference; lastKnownFileType = sourcecode.swift; path = FeedCachePolicy.swift; sourceTree = "<group>"; };
		5BB4CA7B28C724C000295FC7 /* CacheFeedUseCaseTests.swift */ = {isa = PBXFileReference; lastKnownFileType = sourcecode.swift; path = CacheFeedUseCaseTests.swift; sourceTree = "<group>"; };
		5BBC2ED128D3100B0007EA9A /* CodableFeedStore.swift */ = {isa = PBXFileReference; lastKnownFileType = sourcecode.swift; path = CodableFeedStore.swift; sourceTree = "<group>"; };
		5BC02815290138670004D9B6 /* UITableView+Dequeueing.swift */ = {isa = PBXFileReference; lastKnownFileType = sourcecode.swift; path = "UITableView+Dequeueing.swift"; sourceTree = "<group>"; };
		5BC02817290139D40004D9B6 /* UIImageView+Animations.swift */ = {isa = PBXFileReference; lastKnownFileType = sourcecode.swift; path = "UIImageView+Animations.swift"; sourceTree = "<group>"; };
		5BC189E328CB1E1C008451E6 /* ValidateFeedCacheUseCaseTests.swift */ = {isa = PBXFileReference; lastKnownFileType = sourcecode.swift; path = ValidateFeedCacheUseCaseTests.swift; sourceTree = "<group>"; };
		5BC189E528CB23EE008451E6 /* FeedCacheTestHelpers.swift */ = {isa = PBXFileReference; lastKnownFileType = sourcecode.swift; path = FeedCacheTestHelpers.swift; sourceTree = "<group>"; };
		5BC189E728CB2487008451E6 /* SharedTestHelpers.swift */ = {isa = PBXFileReference; lastKnownFileType = sourcecode.swift; path = SharedTestHelpers.swift; sourceTree = "<group>"; };
		5BC384ED28F93EA400F41A21 /* FeedImageDataLoader.swift */ = {isa = PBXFileReference; lastKnownFileType = sourcecode.swift; path = FeedImageDataLoader.swift; sourceTree = "<group>"; };
		5BC384F128F9480F00F41A21 /* FeedImageCellController.swift */ = {isa = PBXFileReference; lastKnownFileType = sourcecode.swift; path = FeedImageCellController.swift; sourceTree = "<group>"; };
		5BC384F428F94DB100F41A21 /* FeedUIComposer.swift */ = {isa = PBXFileReference; lastKnownFileType = sourcecode.swift; path = FeedUIComposer.swift; sourceTree = "<group>"; };
		5BCFC8C328D9A0300072A6B0 /* FeedStoreSpecs.swift */ = {isa = PBXFileReference; lastKnownFileType = sourcecode.swift; path = FeedStoreSpecs.swift; sourceTree = "<group>"; };
		5BCFC8C528D9A0A50072A6B0 /* XCTestCase+FeedStoreSpecs.swift */ = {isa = PBXFileReference; lastKnownFileType = sourcecode.swift; path = "XCTestCase+FeedStoreSpecs.swift"; sourceTree = "<group>"; };
		5BCFC8C728D9A1EB0072A6B0 /* XCTestCase+FailableRetrieveFeedStoreSpecs.swift */ = {isa = PBXFileReference; lastKnownFileType = sourcecode.swift; path = "XCTestCase+FailableRetrieveFeedStoreSpecs.swift"; sourceTree = "<group>"; };
		5BCFC8C928D9A2520072A6B0 /* XCTestCase+FailableInsertFeedStoreSpecs.swift */ = {isa = PBXFileReference; lastKnownFileType = sourcecode.swift; path = "XCTestCase+FailableInsertFeedStoreSpecs.swift"; sourceTree = "<group>"; };
		5BCFC8CB28D9A2D60072A6B0 /* XCTestCase+FailableDeleteFeedStoreSpecs.swift */ = {isa = PBXFileReference; lastKnownFileType = sourcecode.swift; path = "XCTestCase+FailableDeleteFeedStoreSpecs.swift"; sourceTree = "<group>"; };
		5BD65FA128F5EE53000A4C5D /* UIView+Shimmering.swift */ = {isa = PBXFileReference; lastKnownFileType = sourcecode.swift; path = "UIView+Shimmering.swift"; sourceTree = "<group>"; };
		5BDFAA2E28E2D2D5009B2775 /* EssentialFeedCacheIntegrationTests.xctest */ = {isa = PBXFileReference; explicitFileType = wrapper.cfbundle; includeInIndex = 0; path = EssentialFeedCacheIntegrationTests.xctest; sourceTree = BUILT_PRODUCTS_DIR; };
		5BDFAA3028E2D2D5009B2775 /* EssentialFeedCacheIntegrationTests.swift */ = {isa = PBXFileReference; lastKnownFileType = sourcecode.swift; path = EssentialFeedCacheIntegrationTests.swift; sourceTree = "<group>"; };
		5BE0F74228D061B0006CA3B7 /* CodableFeedStoreTests.swift */ = {isa = PBXFileReference; lastKnownFileType = sourcecode.swift; path = CodableFeedStoreTests.swift; sourceTree = "<group>"; };
		5BF0883228DC498D002F6153 /* CoreDataHelpers.swift */ = {isa = PBXFileReference; lastKnownFileType = sourcecode.swift; path = CoreDataHelpers.swift; sourceTree = "<group>"; };
		5BF0883428DC4A0F002F6153 /* ManagedCache.swift */ = {isa = PBXFileReference; lastKnownFileType = sourcecode.swift; path = ManagedCache.swift; sourceTree = "<group>"; };
		5BF0883628DC4A37002F6153 /* ManagedFeedImage.swift */ = {isa = PBXFileReference; lastKnownFileType = sourcecode.swift; path = ManagedFeedImage.swift; sourceTree = "<group>"; };
		5BF28C5228FFD99B00293D07 /* FeedImagePresenter.swift */ = {isa = PBXFileReference; lastKnownFileType = sourcecode.swift; path = FeedImagePresenter.swift; sourceTree = "<group>"; };
		5BF28C5428FFD9F700293D07 /* FeedViewModel.swift */ = {isa = PBXFileReference; lastKnownFileType = sourcecode.swift; path = FeedViewModel.swift; sourceTree = "<group>"; };
		5BF28C5628FFDA1100293D07 /* FeedLoadingViewModel.swift */ = {isa = PBXFileReference; lastKnownFileType = sourcecode.swift; path = FeedLoadingViewModel.swift; sourceTree = "<group>"; };
		5BF28C5828FFDC0A00293D07 /* FeedImageViewModel.swift */ = {isa = PBXFileReference; lastKnownFileType = sourcecode.swift; path = FeedImageViewModel.swift; sourceTree = "<group>"; };
		5BF3FB1A290677A1001D1A6C /* MainQueueDispatchDecorator.swift */ = {isa = PBXFileReference; lastKnownFileType = sourcecode.swift; path = MainQueueDispatchDecorator.swift; sourceTree = "<group>"; };
		5BF3FB1C29067813001D1A6C /* WeakRefVirtualProxy.swift */ = {isa = PBXFileReference; lastKnownFileType = sourcecode.swift; path = WeakRefVirtualProxy.swift; sourceTree = "<group>"; };
		5BF3FB1E29067865001D1A6C /* FeedViewAdapter.swift */ = {isa = PBXFileReference; lastKnownFileType = sourcecode.swift; path = FeedViewAdapter.swift; sourceTree = "<group>"; };
		5BF3FB20290678B1001D1A6C /* FeedLoaderPresentationAdapter.swift */ = {isa = PBXFileReference; lastKnownFileType = sourcecode.swift; path = FeedLoaderPresentationAdapter.swift; sourceTree = "<group>"; };
		5BF3FB22290678E5001D1A6C /* FeedImageDataLoaderPresentationAdapter.swift */ = {isa = PBXFileReference; lastKnownFileType = sourcecode.swift; path = FeedImageDataLoaderPresentationAdapter.swift; sourceTree = "<group>"; };
		5BF7C64E28CA047A000C6E7D /* LoadFeedFromCacheUseCaseTests.swift */ = {isa = PBXFileReference; lastKnownFileType = sourcecode.swift; path = LoadFeedFromCacheUseCaseTests.swift; sourceTree = "<group>"; };
		5BF7C65128CA05E5000C6E7D /* FeedStoreSpy.swift */ = {isa = PBXFileReference; lastKnownFileType = sourcecode.swift; path = FeedStoreSpy.swift; sourceTree = "<group>"; };
/* End PBXFileReference section */

/* Begin PBXFrameworksBuildPhase section */
		5B86F0C228ACC2F000794424 /* Frameworks */ = {
			isa = PBXFrameworksBuildPhase;
			buildActionMask = 2147483647;
			files = (
			);
			runOnlyForDeploymentPostprocessing = 0;
		};
		5B86F0CC28ACC2F000794424 /* Frameworks */ = {
			isa = PBXFrameworksBuildPhase;
			buildActionMask = 2147483647;
			files = (
				5B86F0D028ACC2F000794424 /* EssentialFeed.framework in Frameworks */,
			);
			runOnlyForDeploymentPostprocessing = 0;
		};
		5BAB32CD28EEB5250094B90D /* Frameworks */ = {
			isa = PBXFrameworksBuildPhase;
			buildActionMask = 2147483647;
			files = (
				5BA7A0DC28F00B11001CD37C /* EssentialFeed.framework in Frameworks */,
			);
			runOnlyForDeploymentPostprocessing = 0;
		};
		5BAB32D628EEB5260094B90D /* Frameworks */ = {
			isa = PBXFrameworksBuildPhase;
			buildActionMask = 2147483647;
			files = (
				5BAB32DA28EEB5260094B90D /* EssentialFeediOS.framework in Frameworks */,
			);
			runOnlyForDeploymentPostprocessing = 0;
		};
		5BABA9F728BC97F100661412 /* Frameworks */ = {
			isa = PBXFrameworksBuildPhase;
			buildActionMask = 2147483647;
			files = (
				5BABA9FE28BC97F100661412 /* EssentialFeed.framework in Frameworks */,
			);
			runOnlyForDeploymentPostprocessing = 0;
		};
		5BDFAA2B28E2D2D5009B2775 /* Frameworks */ = {
			isa = PBXFrameworksBuildPhase;
			buildActionMask = 2147483647;
			files = (
				5BDFAA3228E2D2D5009B2775 /* EssentialFeed.framework in Frameworks */,
			);
			runOnlyForDeploymentPostprocessing = 0;
		};
/* End PBXFrameworksBuildPhase section */

/* Begin PBXGroup section */
		5B0665DD28B1515900B2B4E1 /* FeedApi */ = {
			isa = PBXGroup;
			children = (
				5B86F0E428ACC56900794424 /* LoadFeedFromRemoteUseCasesTests.swift */,
				5B249EBA28B3A86900F53AA8 /* URLSessionHTTPClientTests.swift */,
			);
			path = FeedApi;
			sourceTree = "<group>";
		};
		5B21B23128B8A6D200B576EF /* Helpers */ = {
			isa = PBXGroup;
			children = (
				5B21B23228B8A6FE00B576EF /* XCTestCase+MemoryLeakTracking.swift */,
				5BC189E728CB2487008451E6 /* SharedTestHelpers.swift */,
			);
			path = Helpers;
			sourceTree = "<group>";
		};
		5B42A80928C878C800B29B47 /* FeedCache */ = {
			isa = PBXGroup;
			children = (
				5B42A80A28C878DC00B29B47 /* LocalFeedLoader.swift */,
				5B42A80C28C8794900B29B47 /* FeedStore.swift */,
				5B03E01D28C9CEA80003E0DA /* LocalFeedImage.swift */,
				5BB3A94A28CF0E3E00A56CAE /* FeedCachePolicy.swift */,
				5B3D5BE128DAEEC900AB2218 /* FeedStore.xcdatamodeld */,
			);
			path = FeedCache;
			sourceTree = "<group>";
		};
		5B6CFED5290A702200696E80 /* Feed Presentation */ = {
			isa = PBXGroup;
			children = (
				5B6CFED6290A703600696E80 /* FeedPresenterTests.swift */,
				5B1ED285290BBEE20072088F /* Feed.strings */,
			);
			path = "Feed Presentation";
			sourceTree = "<group>";
		};
		5B86F0BB28ACC2F000794424 = {
			isa = PBXGroup;
			children = (
				5B86F0C728ACC2F000794424 /* EssentialFeed */,
				5B86F0D328ACC2F000794424 /* EssentialFeedTests */,
				5BABA9FB28BC97F100661412 /* EssentialFeedAPIEndToEndTests */,
				5BDFAA2F28E2D2D5009B2775 /* EssentialFeedCacheIntegrationTests */,
				5BAB32D128EEB5260094B90D /* EssentialFeediOS */,
				5BAB32DD28EEB5260094B90D /* EssentialFeediOSTests */,
				5B86F0C628ACC2F000794424 /* Products */,
				5BA7A0DB28F00B11001CD37C /* Frameworks */,
			);
			sourceTree = "<group>";
		};
		5B86F0C628ACC2F000794424 /* Products */ = {
			isa = PBXGroup;
			children = (
				5B86F0C528ACC2F000794424 /* EssentialFeed.framework */,
				5B86F0CF28ACC2F000794424 /* EssentialFeedTests.xctest */,
				5BABA9FA28BC97F100661412 /* EssentialFeedAPIEndToEndTests.xctest */,
				5BDFAA2E28E2D2D5009B2775 /* EssentialFeedCacheIntegrationTests.xctest */,
				5BAB32D028EEB5250094B90D /* EssentialFeediOS.framework */,
				5BAB32D928EEB5260094B90D /* EssentialFeediOSTests.xctest */,
			);
			name = Products;
			sourceTree = "<group>";
		};
		5B86F0C728ACC2F000794424 /* EssentialFeed */ = {
			isa = PBXGroup;
			children = (
				5BF0882F28DC491E002F6153 /* Infrastructure */,
				5B42A80928C878C800B29B47 /* FeedCache */,
				5B86F0E728AD159E00794424 /* FeedApi */,
				5B86F0E328ACC45E00794424 /* FeedFeature */,
				5B86F0C828ACC2F000794424 /* EssentialFeed.h */,
				5B86F0C928ACC2F000794424 /* EssentialFeed.docc */,
			);
			path = EssentialFeed;
			sourceTree = "<group>";
		};
		5B86F0D328ACC2F000794424 /* EssentialFeedTests */ = {
			isa = PBXGroup;
			children = (
				5B6CFED5290A702200696E80 /* Feed Presentation */,
				5B21B23128B8A6D200B576EF /* Helpers */,
				5BB4CA7A28C724A000295FC7 /* FeedCache */,
				5B0665DD28B1515900B2B4E1 /* FeedApi */,
			);
			path = EssentialFeedTests;
			sourceTree = "<group>";
		};
		5B86F0E328ACC45E00794424 /* FeedFeature */ = {
			isa = PBXGroup;
			children = (
				5B86F0DF28ACC32C00794424 /* FeedImage.swift */,
				5B86F0E128ACC3B000794424 /* FeedLoader.swift */,
			);
			path = FeedFeature;
			sourceTree = "<group>";
		};
		5B86F0E728AD159E00794424 /* FeedApi */ = {
			isa = PBXGroup;
			children = (
				5B86F0E828AD15A900794424 /* RemoteFeedLoader.swift */,
				5B0665D928B13D6D00B2B4E1 /* HTTPClient.swift */,
				5B0665DB28B13DAB00B2B4E1 /* FeedItemsMapper.swift */,
				5B21B23428B8B6C900B576EF /* URLSessionHTTPClient.swift */,
				5B03E01B28C9CE630003E0DA /* RemoteFeedItem.swift */,
			);
			path = FeedApi;
			sourceTree = "<group>";
		};
		5B9BFA202909204A00D3EDE1 /* Helpers */ = {
			isa = PBXGroup;
			children = (
				5BD65FA128F5EE53000A4C5D /* UIView+Shimmering.swift */,
				5BC02815290138670004D9B6 /* UITableView+Dequeueing.swift */,
				5BC02817290139D40004D9B6 /* UIImageView+Animations.swift */,
				5B9BFA23290920E600D3EDE1 /* UIRefreshControl+Helpers.swift */,
			);
			path = Helpers;
			sourceTree = "<group>";
		};
		5BA7A0DB28F00B11001CD37C /* Frameworks */ = {
			isa = PBXGroup;
			children = (
			);
			name = Frameworks;
			sourceTree = "<group>";
		};
		5BA93E0F2902847A00AA1949 /* Helpers */ = {
			isa = PBXGroup;
			children = (
				5BA93E11290284B800AA1949 /* FeedViewContellerTests+Localization.swift */,
				5B4461FF2907C3CC005A2EBC /* FeedViewController+TestHelpers.swift */,
				5B4462012907C4E6005A2EBC /* UIButton+TestHelpers.swift */,
				5B4462032907C515005A2EBC /* UIControl+TestHelpers.swift */,
				5B4462052907C545005A2EBC /* UIImage+TestHelpers.swift */,
				5B4462072907C5AE005A2EBC /* UIRefreshControl+TestHelpers.swift */,
				5B4462092907C60D005A2EBC /* FeedImageCell+TestHelpers.swift */,
				5B44620B2907C65E005A2EBC /* FeedUIIntegrationTests+LoaderSpy.swift */,
				5B44620D2907C6D8005A2EBC /* FeedUIIntegrationTests+Assertions.swift */,
			);
			path = Helpers;
			sourceTree = "<group>";
		};
		5BA93E13290285D100AA1949 /* Feed UI */ = {
			isa = PBXGroup;
			children = (
				5BAB32EA28EEB8930094B90D /* FeedUIIntegrationTests.swift */,
				5BA93E0F2902847A00AA1949 /* Helpers */,
			);
			path = "Feed UI";
			sourceTree = "<group>";
		};
		5BA93E192902872700AA1949 /* Feed Presentation */ = {
			isa = PBXGroup;
			children = (
				5BA93E1A2902875300AA1949 /* FeedLocalizationTests.swift */,
			);
			path = "Feed Presentation";
			sourceTree = "<group>";
		};
		5BAB32D128EEB5260094B90D /* EssentialFeediOS */ = {
			isa = PBXGroup;
			children = (
				5BF72ED928FD3B8A00B0A45A /* Feed Presentation */,
				5BC384F328F94DA200F41A21 /* Composers */,
				5BC384EC28F93E7D00F41A21 /* Views */,
				5BC384EB28F93E7100F41A21 /* Controllers */,
				5BC384EA28F93E5500F41A21 /* Feed Image Loader */,
				5BAB32D228EEB5260094B90D /* EssentialFeediOS.h */,
				5BAB32D328EEB5260094B90D /* EssentialFeediOS.docc */,
			);
			path = EssentialFeediOS;
			sourceTree = "<group>";
		};
		5BAB32DD28EEB5260094B90D /* EssentialFeediOSTests */ = {
			isa = PBXGroup;
			children = (
				5BA93E192902872700AA1949 /* Feed Presentation */,
				5BA93E13290285D100AA1949 /* Feed UI */,
				5BAB32E928EEB8920094B90D /* EssentialFeediOSTests-Bridging-Header.h */,
			);
			path = EssentialFeediOSTests;
			sourceTree = "<group>";
		};
		5BABA9FB28BC97F100661412 /* EssentialFeedAPIEndToEndTests */ = {
			isa = PBXGroup;
			children = (
				5BABA9FC28BC97F100661412 /* EssentialFeedAPIEndToEndTests.swift */,
			);
			path = EssentialFeedAPIEndToEndTests;
			sourceTree = "<group>";
		};
		5BB4CA7A28C724A000295FC7 /* FeedCache */ = {
			isa = PBXGroup;
			children = (
				5BCFC8CD28D9A3350072A6B0 /* FeedStoreSpecs */,
				5BF7C65028CA05D5000C6E7D /* Helpers */,
				5BB4CA7B28C724C000295FC7 /* CacheFeedUseCaseTests.swift */,
				5BF7C64E28CA047A000C6E7D /* LoadFeedFromCacheUseCaseTests.swift */,
				5BC189E328CB1E1C008451E6 /* ValidateFeedCacheUseCaseTests.swift */,
				5BE0F74228D061B0006CA3B7 /* CodableFeedStoreTests.swift */,
				5B3D5BDD28DAEC3500AB2218 /* CoreDataFeedStoreTests.swift */,
			);
			path = FeedCache;
			sourceTree = "<group>";
		};
		5BC384EA28F93E5500F41A21 /* Feed Image Loader */ = {
			isa = PBXGroup;
			children = (
				5BC384ED28F93EA400F41A21 /* FeedImageDataLoader.swift */,
			);
			path = "Feed Image Loader";
			sourceTree = "<group>";
		};
		5BC384EB28F93E7100F41A21 /* Controllers */ = {
			isa = PBXGroup;
			children = (
				5BAB32E728EEB8620094B90D /* FeedViewController.swift */,
				5BC384F128F9480F00F41A21 /* FeedImageCellController.swift */,
			);
			path = Controllers;
			sourceTree = "<group>";
		};
		5BC384EC28F93E7D00F41A21 /* Views */ = {
			isa = PBXGroup;
			children = (
				5B9BFA202909204A00D3EDE1 /* Helpers */,
				5B9BFA1E2909151B00D3EDE1 /* ErrorView.swift */,
				5B9BF82328F54C1A00185240 /* FeedImageCell.swift */,
				5B7E44E92900258C00C947CE /* Feed.storyboard */,
				5B7E44EB2900262400C947CE /* Feed.xcassets */,
			);
			path = Views;
			sourceTree = "<group>";
		};
		5BC384F328F94DA200F41A21 /* Composers */ = {
			isa = PBXGroup;
			children = (
				5BC384F428F94DB100F41A21 /* FeedUIComposer.swift */,
				5BF3FB1A290677A1001D1A6C /* MainQueueDispatchDecorator.swift */,
				5BF3FB1C29067813001D1A6C /* WeakRefVirtualProxy.swift */,
				5BF3FB1E29067865001D1A6C /* FeedViewAdapter.swift */,
				5BF3FB20290678B1001D1A6C /* FeedLoaderPresentationAdapter.swift */,
				5BF3FB22290678E5001D1A6C /* FeedImageDataLoaderPresentationAdapter.swift */,
			);
			path = Composers;
			sourceTree = "<group>";
		};
		5BCFC8CD28D9A3350072A6B0 /* FeedStoreSpecs */ = {
			isa = PBXGroup;
			children = (
				5BCFC8C328D9A0300072A6B0 /* FeedStoreSpecs.swift */,
				5BCFC8C528D9A0A50072A6B0 /* XCTestCase+FeedStoreSpecs.swift */,
				5BCFC8C728D9A1EB0072A6B0 /* XCTestCase+FailableRetrieveFeedStoreSpecs.swift */,
				5BCFC8C928D9A2520072A6B0 /* XCTestCase+FailableInsertFeedStoreSpecs.swift */,
				5BCFC8CB28D9A2D60072A6B0 /* XCTestCase+FailableDeleteFeedStoreSpecs.swift */,
			);
			path = FeedStoreSpecs;
			sourceTree = "<group>";
		};
		5BDFAA2F28E2D2D5009B2775 /* EssentialFeedCacheIntegrationTests */ = {
			isa = PBXGroup;
			children = (
				5BDFAA3028E2D2D5009B2775 /* EssentialFeedCacheIntegrationTests.swift */,
			);
			path = EssentialFeedCacheIntegrationTests;
			sourceTree = "<group>";
		};
		5BF0882F28DC491E002F6153 /* Infrastructure */ = {
			isa = PBXGroup;
			children = (
				5BF0883128DC4939002F6153 /* CoreData */,
				5BF0883028DC492C002F6153 /* Codable */,
			);
			path = Infrastructure;
			sourceTree = "<group>";
		};
		5BF0883028DC492C002F6153 /* Codable */ = {
			isa = PBXGroup;
			children = (
				5BBC2ED128D3100B0007EA9A /* CodableFeedStore.swift */,
			);
			path = Codable;
			sourceTree = "<group>";
		};
		5BF0883128DC4939002F6153 /* CoreData */ = {
			isa = PBXGroup;
			children = (
				5BF0883228DC498D002F6153 /* CoreDataHelpers.swift */,
				5BF0883428DC4A0F002F6153 /* ManagedCache.swift */,
				5BF0883628DC4A37002F6153 /* ManagedFeedImage.swift */,
				5B3D5BDF28DAEC9F00AB2218 /* CoreDataFeedStore.swift */,
			);
			path = CoreData;
			sourceTree = "<group>";
		};
		5BF72ED928FD3B8A00B0A45A /* Feed Presentation */ = {
			isa = PBXGroup;
			children = (
				5B95D2C328FD7E2C0062DA50 /* FeedPresenter.swift */,
				5BF28C5228FFD99B00293D07 /* FeedImagePresenter.swift */,
				5BF28C5428FFD9F700293D07 /* FeedViewModel.swift */,
				5BF28C5628FFDA1100293D07 /* FeedLoadingViewModel.swift */,
				5BF28C5828FFDC0A00293D07 /* FeedImageViewModel.swift */,
				5B9BFA212909209C00D3EDE1 /* FeedErrorViewModel.swift */,
				5BA93E162902864A00AA1949 /* Feed.strings */,
			);
			path = "Feed Presentation";
			sourceTree = "<group>";
		};
		5BF7C65028CA05D5000C6E7D /* Helpers */ = {
			isa = PBXGroup;
			children = (
				5BF7C65128CA05E5000C6E7D /* FeedStoreSpy.swift */,
				5BC189E528CB23EE008451E6 /* FeedCacheTestHelpers.swift */,
			);
			path = Helpers;
			sourceTree = "<group>";
		};
/* End PBXGroup section */

/* Begin PBXHeadersBuildPhase section */
		5B86F0C028ACC2F000794424 /* Headers */ = {
			isa = PBXHeadersBuildPhase;
			buildActionMask = 2147483647;
			files = (
				5B86F0D628ACC2F000794424 /* EssentialFeed.h in Headers */,
			);
			runOnlyForDeploymentPostprocessing = 0;
		};
		5BAB32CB28EEB5250094B90D /* Headers */ = {
			isa = PBXHeadersBuildPhase;
			buildActionMask = 2147483647;
			files = (
				5BAB32E028EEB5260094B90D /* EssentialFeediOS.h in Headers */,
			);
			runOnlyForDeploymentPostprocessing = 0;
		};
/* End PBXHeadersBuildPhase section */

/* Begin PBXNativeTarget section */
		5B86F0C428ACC2F000794424 /* EssentialFeed */ = {
			isa = PBXNativeTarget;
			buildConfigurationList = 5B86F0D928ACC2F000794424 /* Build configuration list for PBXNativeTarget "EssentialFeed" */;
			buildPhases = (
				5B86F0C028ACC2F000794424 /* Headers */,
				5B86F0C128ACC2F000794424 /* Sources */,
				5B86F0C228ACC2F000794424 /* Frameworks */,
				5B86F0C328ACC2F000794424 /* Resources */,
			);
			buildRules = (
			);
			dependencies = (
			);
			name = EssentialFeed;
			productName = EssentialFeed;
			productReference = 5B86F0C528ACC2F000794424 /* EssentialFeed.framework */;
			productType = "com.apple.product-type.framework";
		};
		5B86F0CE28ACC2F000794424 /* EssentialFeedTests */ = {
			isa = PBXNativeTarget;
			buildConfigurationList = 5B86F0DC28ACC2F000794424 /* Build configuration list for PBXNativeTarget "EssentialFeedTests" */;
			buildPhases = (
				5B86F0CB28ACC2F000794424 /* Sources */,
				5B86F0CC28ACC2F000794424 /* Frameworks */,
				5B86F0CD28ACC2F000794424 /* Resources */,
			);
			buildRules = (
			);
			dependencies = (
				5B86F0D228ACC2F000794424 /* PBXTargetDependency */,
			);
			name = EssentialFeedTests;
			productName = EssentialFeedTests;
			productReference = 5B86F0CF28ACC2F000794424 /* EssentialFeedTests.xctest */;
			productType = "com.apple.product-type.bundle.unit-test";
		};
		5BAB32CF28EEB5250094B90D /* EssentialFeediOS */ = {
			isa = PBXNativeTarget;
			buildConfigurationList = 5BAB32E128EEB5260094B90D /* Build configuration list for PBXNativeTarget "EssentialFeediOS" */;
			buildPhases = (
				5BAB32CB28EEB5250094B90D /* Headers */,
				5BAB32CC28EEB5250094B90D /* Sources */,
				5BAB32CD28EEB5250094B90D /* Frameworks */,
				5BAB32CE28EEB5250094B90D /* Resources */,
				5BA7A0E028F00B11001CD37C /* Embed Frameworks */,
			);
			buildRules = (
			);
			dependencies = (
				5BA7A0DF28F00B11001CD37C /* PBXTargetDependency */,
			);
			name = EssentialFeediOS;
			productName = EssentialFeediOS;
			productReference = 5BAB32D028EEB5250094B90D /* EssentialFeediOS.framework */;
			productType = "com.apple.product-type.framework";
		};
		5BAB32D828EEB5260094B90D /* EssentialFeediOSTests */ = {
			isa = PBXNativeTarget;
			buildConfigurationList = 5BAB32E428EEB5260094B90D /* Build configuration list for PBXNativeTarget "EssentialFeediOSTests" */;
			buildPhases = (
				5BAB32D528EEB5260094B90D /* Sources */,
				5BAB32D628EEB5260094B90D /* Frameworks */,
				5BAB32D728EEB5260094B90D /* Resources */,
			);
			buildRules = (
			);
			dependencies = (
				5BAB32DC28EEB5260094B90D /* PBXTargetDependency */,
			);
			name = EssentialFeediOSTests;
			productName = EssentialFeediOSTests;
			productReference = 5BAB32D928EEB5260094B90D /* EssentialFeediOSTests.xctest */;
			productType = "com.apple.product-type.bundle.unit-test";
		};
		5BABA9F928BC97F100661412 /* EssentialFeedAPIEndToEndTests */ = {
			isa = PBXNativeTarget;
			buildConfigurationList = 5BABAA0328BC97F100661412 /* Build configuration list for PBXNativeTarget "EssentialFeedAPIEndToEndTests" */;
			buildPhases = (
				5BABA9F628BC97F100661412 /* Sources */,
				5BABA9F728BC97F100661412 /* Frameworks */,
				5BABA9F828BC97F100661412 /* Resources */,
			);
			buildRules = (
			);
			dependencies = (
				5BABAA0028BC97F100661412 /* PBXTargetDependency */,
			);
			name = EssentialFeedAPIEndToEndTests;
			productName = EssentialFeedAPIEndToEndTests;
			productReference = 5BABA9FA28BC97F100661412 /* EssentialFeedAPIEndToEndTests.xctest */;
			productType = "com.apple.product-type.bundle.unit-test";
		};
		5BDFAA2D28E2D2D5009B2775 /* EssentialFeedCacheIntegrationTests */ = {
			isa = PBXNativeTarget;
			buildConfigurationList = 5BDFAA3728E2D2D5009B2775 /* Build configuration list for PBXNativeTarget "EssentialFeedCacheIntegrationTests" */;
			buildPhases = (
				5BDFAA2A28E2D2D5009B2775 /* Sources */,
				5BDFAA2B28E2D2D5009B2775 /* Frameworks */,
				5BDFAA2C28E2D2D5009B2775 /* Resources */,
			);
			buildRules = (
			);
			dependencies = (
				5BDFAA3428E2D2D5009B2775 /* PBXTargetDependency */,
			);
			name = EssentialFeedCacheIntegrationTests;
			productName = EssentialFeedCacheIntegrationTests;
			productReference = 5BDFAA2E28E2D2D5009B2775 /* EssentialFeedCacheIntegrationTests.xctest */;
			productType = "com.apple.product-type.bundle.unit-test";
		};
/* End PBXNativeTarget section */

/* Begin PBXProject section */
		5B86F0BC28ACC2F000794424 /* Project object */ = {
			isa = PBXProject;
			attributes = {
				BuildIndependentTargetsInParallel = 1;
				LastSwiftUpdateCheck = 1340;
				LastUpgradeCheck = 1340;
				TargetAttributes = {
					5B86F0C428ACC2F000794424 = {
						CreatedOnToolsVersion = 13.4.1;
					};
					5B86F0CE28ACC2F000794424 = {
						CreatedOnToolsVersion = 13.4.1;
					};
					5BAB32CF28EEB5250094B90D = {
						CreatedOnToolsVersion = 13.4.1;
					};
					5BAB32D828EEB5260094B90D = {
						CreatedOnToolsVersion = 13.4.1;
						LastSwiftMigration = 1340;
					};
					5BABA9F928BC97F100661412 = {
						CreatedOnToolsVersion = 13.4.1;
					};
					5BDFAA2D28E2D2D5009B2775 = {
						CreatedOnToolsVersion = 13.4.1;
					};
				};
			};
			buildConfigurationList = 5B86F0BF28ACC2F000794424 /* Build configuration list for PBXProject "EssentialFeed" */;
			compatibilityVersion = "Xcode 13.0";
			developmentRegion = en;
			hasScannedForEncodings = 0;
			knownRegions = (
				en,
				Base,
				"pt-PT",
				el,
			);
			mainGroup = 5B86F0BB28ACC2F000794424;
			productRefGroup = 5B86F0C628ACC2F000794424 /* Products */;
			projectDirPath = "";
			projectRoot = "";
			targets = (
				5B86F0C428ACC2F000794424 /* EssentialFeed */,
				5B86F0CE28ACC2F000794424 /* EssentialFeedTests */,
				5BABA9F928BC97F100661412 /* EssentialFeedAPIEndToEndTests */,
				5BDFAA2D28E2D2D5009B2775 /* EssentialFeedCacheIntegrationTests */,
				5BAB32CF28EEB5250094B90D /* EssentialFeediOS */,
				5BAB32D828EEB5260094B90D /* EssentialFeediOSTests */,
			);
		};
/* End PBXProject section */

/* Begin PBXResourcesBuildPhase section */
		5B86F0C328ACC2F000794424 /* Resources */ = {
			isa = PBXResourcesBuildPhase;
			buildActionMask = 2147483647;
			files = (
			);
			runOnlyForDeploymentPostprocessing = 0;
		};
		5B86F0CD28ACC2F000794424 /* Resources */ = {
			isa = PBXResourcesBuildPhase;
			buildActionMask = 2147483647;
			files = (
				5B1ED283290BBEE20072088F /* Feed.strings in Resources */,
			);
			runOnlyForDeploymentPostprocessing = 0;
		};
		5BAB32CE28EEB5250094B90D /* Resources */ = {
			isa = PBXResourcesBuildPhase;
			buildActionMask = 2147483647;
			files = (
				5B7E44EA2900258C00C947CE /* Feed.storyboard in Resources */,
				5B7E44EC2900262400C947CE /* Feed.xcassets in Resources */,
				5BA93E142902864A00AA1949 /* Feed.strings in Resources */,
			);
			runOnlyForDeploymentPostprocessing = 0;
		};
		5BAB32D728EEB5260094B90D /* Resources */ = {
			isa = PBXResourcesBuildPhase;
			buildActionMask = 2147483647;
			files = (
			);
			runOnlyForDeploymentPostprocessing = 0;
		};
		5BABA9F828BC97F100661412 /* Resources */ = {
			isa = PBXResourcesBuildPhase;
			buildActionMask = 2147483647;
			files = (
			);
			runOnlyForDeploymentPostprocessing = 0;
		};
		5BDFAA2C28E2D2D5009B2775 /* Resources */ = {
			isa = PBXResourcesBuildPhase;
			buildActionMask = 2147483647;
			files = (
			);
			runOnlyForDeploymentPostprocessing = 0;
		};
/* End PBXResourcesBuildPhase section */

/* Begin PBXSourcesBuildPhase section */
		5B86F0C128ACC2F000794424 /* Sources */ = {
			isa = PBXSourcesBuildPhase;
			buildActionMask = 2147483647;
			files = (
				5B03E01E28C9CEA80003E0DA /* LocalFeedImage.swift in Sources */,
				5B3D5BE328DAEEC900AB2218 /* FeedStore.xcdatamodeld in Sources */,
				5B42A80D28C8794900B29B47 /* FeedStore.swift in Sources */,
				5B21B23528B8B6C900B576EF /* URLSessionHTTPClient.swift in Sources */,
				5B03E01C28C9CE630003E0DA /* RemoteFeedItem.swift in Sources */,
				5B86F0E928AD15A900794424 /* RemoteFeedLoader.swift in Sources */,
				5BF0883328DC498D002F6153 /* CoreDataHelpers.swift in Sources */,
				5B0665DA28B13D6D00B2B4E1 /* HTTPClient.swift in Sources */,
				5B3D5BE028DAEC9F00AB2218 /* CoreDataFeedStore.swift in Sources */,
				5BF0883528DC4A0F002F6153 /* ManagedCache.swift in Sources */,
				5B86F0E228ACC3B000794424 /* FeedLoader.swift in Sources */,
				5B0665DC28B13DAB00B2B4E1 /* FeedItemsMapper.swift in Sources */,
				5BBC2ED228D3100B0007EA9A /* CodableFeedStore.swift in Sources */,
				5BB3A94B28CF0E3E00A56CAE /* FeedCachePolicy.swift in Sources */,
				5B86F0E028ACC32C00794424 /* FeedImage.swift in Sources */,
				5BF0883728DC4A37002F6153 /* ManagedFeedImage.swift in Sources */,
				5B42A80B28C878DC00B29B47 /* LocalFeedLoader.swift in Sources */,
				5B86F0CA28ACC2F000794424 /* EssentialFeed.docc in Sources */,
			);
			runOnlyForDeploymentPostprocessing = 0;
		};
		5B86F0CB28ACC2F000794424 /* Sources */ = {
			isa = PBXSourcesBuildPhase;
			buildActionMask = 2147483647;
			files = (
				5BE0F74328D061B0006CA3B7 /* CodableFeedStoreTests.swift in Sources */,
				5BC189E628CB23EE008451E6 /* FeedCacheTestHelpers.swift in Sources */,
				5BC189E428CB1E1C008451E6 /* ValidateFeedCacheUseCaseTests.swift in Sources */,
				5B86F0E528ACC56900794424 /* LoadFeedFromRemoteUseCasesTests.swift in Sources */,
				5BCFC8CA28D9A2520072A6B0 /* XCTestCase+FailableInsertFeedStoreSpecs.swift in Sources */,
				5B249EBB28B3A86900F53AA8 /* URLSessionHTTPClientTests.swift in Sources */,
				5B6CFED7290A703600696E80 /* FeedPresenterTests.swift in Sources */,
				5BF7C65228CA05E5000C6E7D /* FeedStoreSpy.swift in Sources */,
				5BC189E828CB2487008451E6 /* SharedTestHelpers.swift in Sources */,
				5BB4CA7C28C724C000295FC7 /* CacheFeedUseCaseTests.swift in Sources */,
				5BCFC8CC28D9A2D60072A6B0 /* XCTestCase+FailableDeleteFeedStoreSpecs.swift in Sources */,
				5BCFC8C828D9A1EB0072A6B0 /* XCTestCase+FailableRetrieveFeedStoreSpecs.swift in Sources */,
				5BF7C64F28CA047A000C6E7D /* LoadFeedFromCacheUseCaseTests.swift in Sources */,
				5BCFC8C428D9A0300072A6B0 /* FeedStoreSpecs.swift in Sources */,
				5B21B23328B8A6FE00B576EF /* XCTestCase+MemoryLeakTracking.swift in Sources */,
				5B3D5BDE28DAEC3500AB2218 /* CoreDataFeedStoreTests.swift in Sources */,
				5BCFC8C628D9A0A50072A6B0 /* XCTestCase+FeedStoreSpecs.swift in Sources */,
			);
			runOnlyForDeploymentPostprocessing = 0;
		};
		5BAB32CC28EEB5250094B90D /* Sources */ = {
			isa = PBXSourcesBuildPhase;
			buildActionMask = 2147483647;
			files = (
				5BC384EE28F93EA400F41A21 /* FeedImageDataLoader.swift in Sources */,
				5BF3FB1B290677A1001D1A6C /* MainQueueDispatchDecorator.swift in Sources */,
				5BF3FB1D29067813001D1A6C /* WeakRefVirtualProxy.swift in Sources */,
				5B9BFA222909209C00D3EDE1 /* FeedErrorViewModel.swift in Sources */,
				5BC384F528F94DB100F41A21 /* FeedUIComposer.swift in Sources */,
				5BF28C5528FFD9F700293D07 /* FeedViewModel.swift in Sources */,
				5BAB32E828EEB8620094B90D /* FeedViewController.swift in Sources */,
				5B95D2C428FD7E2C0062DA50 /* FeedPresenter.swift in Sources */,
				5BC02816290138670004D9B6 /* UITableView+Dequeueing.swift in Sources */,
				5BF28C5728FFDA1100293D07 /* FeedLoadingViewModel.swift in Sources */,
				5BC02818290139D40004D9B6 /* UIImageView+Animations.swift in Sources */,
				5BF28C5928FFDC0A00293D07 /* FeedImageViewModel.swift in Sources */,
				5BF28C5328FFD99B00293D07 /* FeedImagePresenter.swift in Sources */,
				5BF3FB21290678B1001D1A6C /* FeedLoaderPresentationAdapter.swift in Sources */,
				5BC384F228F9480F00F41A21 /* FeedImageCellController.swift in Sources */,
				5B9BFA24290920E600D3EDE1 /* UIRefreshControl+Helpers.swift in Sources */,
				5BF3FB23290678E5001D1A6C /* FeedImageDataLoaderPresentationAdapter.swift in Sources */,
				5B9BFA1F2909151B00D3EDE1 /* ErrorView.swift in Sources */,
				5BD65FA228F5EE53000A4C5D /* UIView+Shimmering.swift in Sources */,
				5BF3FB1F29067865001D1A6C /* FeedViewAdapter.swift in Sources */,
				5B9BF82428F54C1A00185240 /* FeedImageCell.swift in Sources */,
				5BAB32D428EEB5260094B90D /* EssentialFeediOS.docc in Sources */,
			);
			runOnlyForDeploymentPostprocessing = 0;
		};
		5BAB32D528EEB5260094B90D /* Sources */ = {
			isa = PBXSourcesBuildPhase;
			buildActionMask = 2147483647;
			files = (
				5BA93E12290284B800AA1949 /* FeedViewContellerTests+Localization.swift in Sources */,
				5B44620E2907C6D8005A2EBC /* FeedUIIntegrationTests+Assertions.swift in Sources */,
				5B4462042907C515005A2EBC /* UIControl+TestHelpers.swift in Sources */,
				5BAB32EB28EEB8930094B90D /* FeedUIIntegrationTests.swift in Sources */,
				5B4462062907C545005A2EBC /* UIImage+TestHelpers.swift in Sources */,
				5B4462082907C5AE005A2EBC /* UIRefreshControl+TestHelpers.swift in Sources */,
				5BA93E1B2902875300AA1949 /* FeedLocalizationTests.swift in Sources */,
				5B4462002907C3CC005A2EBC /* FeedViewController+TestHelpers.swift in Sources */,
				5B44620A2907C60D005A2EBC /* FeedImageCell+TestHelpers.swift in Sources */,
				5B44620C2907C65E005A2EBC /* FeedUIIntegrationTests+LoaderSpy.swift in Sources */,
				5B4C4CE028F3FD2F000C2F70 /* XCTestCase+MemoryLeakTracking.swift in Sources */,
				5B4462022907C4E6005A2EBC /* UIButton+TestHelpers.swift in Sources */,
			);
			runOnlyForDeploymentPostprocessing = 0;
		};
		5BABA9F628BC97F100661412 /* Sources */ = {
			isa = PBXSourcesBuildPhase;
			buildActionMask = 2147483647;
			files = (
				5BABA9FD28BC97F100661412 /* EssentialFeedAPIEndToEndTests.swift in Sources */,
				5BABAA0428BC9BEE00661412 /* XCTestCase+MemoryLeakTracking.swift in Sources */,
			);
			runOnlyForDeploymentPostprocessing = 0;
		};
		5BDFAA2A28E2D2D5009B2775 /* Sources */ = {
			isa = PBXSourcesBuildPhase;
			buildActionMask = 2147483647;
			files = (
				5BDFAA3A28E2D67B009B2775 /* SharedTestHelpers.swift in Sources */,
				5BDFAA3128E2D2D5009B2775 /* EssentialFeedCacheIntegrationTests.swift in Sources */,
				5BDFAA3928E2D671009B2775 /* FeedCacheTestHelpers.swift in Sources */,
				5BDFAA3828E2D43B009B2775 /* XCTestCase+MemoryLeakTracking.swift in Sources */,
			);
			runOnlyForDeploymentPostprocessing = 0;
		};
/* End PBXSourcesBuildPhase section */

/* Begin PBXTargetDependency section */
		5B86F0D228ACC2F000794424 /* PBXTargetDependency */ = {
			isa = PBXTargetDependency;
			target = 5B86F0C428ACC2F000794424 /* EssentialFeed */;
			targetProxy = 5B86F0D128ACC2F000794424 /* PBXContainerItemProxy */;
		};
		5BA7A0DF28F00B11001CD37C /* PBXTargetDependency */ = {
			isa = PBXTargetDependency;
			platformFilter = ios;
			target = 5B86F0C428ACC2F000794424 /* EssentialFeed */;
			targetProxy = 5BA7A0DE28F00B11001CD37C /* PBXContainerItemProxy */;
		};
		5BAB32DC28EEB5260094B90D /* PBXTargetDependency */ = {
			isa = PBXTargetDependency;
			target = 5BAB32CF28EEB5250094B90D /* EssentialFeediOS */;
			targetProxy = 5BAB32DB28EEB5260094B90D /* PBXContainerItemProxy */;
		};
		5BABAA0028BC97F100661412 /* PBXTargetDependency */ = {
			isa = PBXTargetDependency;
			target = 5B86F0C428ACC2F000794424 /* EssentialFeed */;
			targetProxy = 5BABA9FF28BC97F100661412 /* PBXContainerItemProxy */;
		};
		5BDFAA3428E2D2D5009B2775 /* PBXTargetDependency */ = {
			isa = PBXTargetDependency;
			target = 5B86F0C428ACC2F000794424 /* EssentialFeed */;
			targetProxy = 5BDFAA3328E2D2D5009B2775 /* PBXContainerItemProxy */;
		};
/* End PBXTargetDependency section */

/* Begin PBXVariantGroup section */
		5B1ED285290BBEE20072088F /* Feed.strings */ = {
			isa = PBXVariantGroup;
			children = (
				5B1ED284290BBEE20072088F /* en */,
				5B1ED286290BBEE70072088F /* el */,
				5B1ED287290BBEE80072088F /* pt-PT */,
			);
			name = Feed.strings;
			sourceTree = "<group>";
		};
		5BA93E162902864A00AA1949 /* Feed.strings */ = {
			isa = PBXVariantGroup;
			children = (
				5BA93E152902864A00AA1949 /* en */,
				5BA93E172902867D00AA1949 /* pt-PT */,
				5BA93E18290286BA00AA1949 /* el */,
			);
			name = Feed.strings;
			sourceTree = "<group>";
		};
/* End PBXVariantGroup section */

/* Begin XCBuildConfiguration section */
		5B86F0D728ACC2F000794424 /* Debug */ = {
			isa = XCBuildConfiguration;
			buildSettings = {
				ALWAYS_SEARCH_USER_PATHS = NO;
				CLANG_ANALYZER_LOCALIZABILITY_NONLOCALIZED = YES;
				CLANG_ANALYZER_NONNULL = YES;
				CLANG_ANALYZER_NUMBER_OBJECT_CONVERSION = YES_AGGRESSIVE;
				CLANG_CXX_LANGUAGE_STANDARD = "gnu++17";
				CLANG_ENABLE_MODULES = YES;
				CLANG_ENABLE_OBJC_ARC = YES;
				CLANG_ENABLE_OBJC_WEAK = YES;
				CLANG_WARN_BLOCK_CAPTURE_AUTORELEASING = YES;
				CLANG_WARN_BOOL_CONVERSION = YES;
				CLANG_WARN_COMMA = YES;
				CLANG_WARN_CONSTANT_CONVERSION = YES;
				CLANG_WARN_DEPRECATED_OBJC_IMPLEMENTATIONS = YES;
				CLANG_WARN_DIRECT_OBJC_ISA_USAGE = YES_ERROR;
				CLANG_WARN_DOCUMENTATION_COMMENTS = YES;
				CLANG_WARN_EMPTY_BODY = YES;
				CLANG_WARN_ENUM_CONVERSION = YES;
				CLANG_WARN_INFINITE_RECURSION = YES;
				CLANG_WARN_INT_CONVERSION = YES;
				CLANG_WARN_NON_LITERAL_NULL_CONVERSION = YES;
				CLANG_WARN_OBJC_IMPLICIT_RETAIN_SELF = YES;
				CLANG_WARN_OBJC_LITERAL_CONVERSION = YES;
				CLANG_WARN_OBJC_ROOT_CLASS = YES_ERROR;
				CLANG_WARN_QUOTED_INCLUDE_IN_FRAMEWORK_HEADER = YES;
				CLANG_WARN_RANGE_LOOP_ANALYSIS = YES;
				CLANG_WARN_STRICT_PROTOTYPES = YES;
				CLANG_WARN_SUSPICIOUS_MOVE = YES;
				CLANG_WARN_UNGUARDED_AVAILABILITY = YES_AGGRESSIVE;
				CLANG_WARN_UNREACHABLE_CODE = YES;
				CLANG_WARN__DUPLICATE_METHOD_MATCH = YES;
				COPY_PHASE_STRIP = NO;
				CURRENT_PROJECT_VERSION = 1;
				DEBUG_INFORMATION_FORMAT = dwarf;
				ENABLE_STRICT_OBJC_MSGSEND = YES;
				ENABLE_TESTABILITY = YES;
				GCC_C_LANGUAGE_STANDARD = gnu11;
				GCC_DYNAMIC_NO_PIC = NO;
				GCC_NO_COMMON_BLOCKS = YES;
				GCC_OPTIMIZATION_LEVEL = 0;
				GCC_PREPROCESSOR_DEFINITIONS = (
					"DEBUG=1",
					"$(inherited)",
				);
				GCC_WARN_64_TO_32_BIT_CONVERSION = YES;
				GCC_WARN_ABOUT_RETURN_TYPE = YES_ERROR;
				GCC_WARN_UNDECLARED_SELECTOR = YES;
				GCC_WARN_UNINITIALIZED_AUTOS = YES_AGGRESSIVE;
				GCC_WARN_UNUSED_FUNCTION = YES;
				GCC_WARN_UNUSED_VARIABLE = YES;
				IPHONEOS_DEPLOYMENT_TARGET = 15.0;
				MACOSX_DEPLOYMENT_TARGET = 11.0;
				MTL_ENABLE_DEBUG_INFO = INCLUDE_SOURCE;
				MTL_FAST_MATH = YES;
				ONLY_ACTIVE_ARCH = YES;
				SDKROOT = macosx;
				SWIFT_ACTIVE_COMPILATION_CONDITIONS = DEBUG;
				SWIFT_OPTIMIZATION_LEVEL = "-Onone";
				VERSIONING_SYSTEM = "apple-generic";
				VERSION_INFO_PREFIX = "";
			};
			name = Debug;
		};
		5B86F0D828ACC2F000794424 /* Release */ = {
			isa = XCBuildConfiguration;
			buildSettings = {
				ALWAYS_SEARCH_USER_PATHS = NO;
				CLANG_ANALYZER_LOCALIZABILITY_NONLOCALIZED = YES;
				CLANG_ANALYZER_NONNULL = YES;
				CLANG_ANALYZER_NUMBER_OBJECT_CONVERSION = YES_AGGRESSIVE;
				CLANG_CXX_LANGUAGE_STANDARD = "gnu++17";
				CLANG_ENABLE_MODULES = YES;
				CLANG_ENABLE_OBJC_ARC = YES;
				CLANG_ENABLE_OBJC_WEAK = YES;
				CLANG_WARN_BLOCK_CAPTURE_AUTORELEASING = YES;
				CLANG_WARN_BOOL_CONVERSION = YES;
				CLANG_WARN_COMMA = YES;
				CLANG_WARN_CONSTANT_CONVERSION = YES;
				CLANG_WARN_DEPRECATED_OBJC_IMPLEMENTATIONS = YES;
				CLANG_WARN_DIRECT_OBJC_ISA_USAGE = YES_ERROR;
				CLANG_WARN_DOCUMENTATION_COMMENTS = YES;
				CLANG_WARN_EMPTY_BODY = YES;
				CLANG_WARN_ENUM_CONVERSION = YES;
				CLANG_WARN_INFINITE_RECURSION = YES;
				CLANG_WARN_INT_CONVERSION = YES;
				CLANG_WARN_NON_LITERAL_NULL_CONVERSION = YES;
				CLANG_WARN_OBJC_IMPLICIT_RETAIN_SELF = YES;
				CLANG_WARN_OBJC_LITERAL_CONVERSION = YES;
				CLANG_WARN_OBJC_ROOT_CLASS = YES_ERROR;
				CLANG_WARN_QUOTED_INCLUDE_IN_FRAMEWORK_HEADER = YES;
				CLANG_WARN_RANGE_LOOP_ANALYSIS = YES;
				CLANG_WARN_STRICT_PROTOTYPES = YES;
				CLANG_WARN_SUSPICIOUS_MOVE = YES;
				CLANG_WARN_UNGUARDED_AVAILABILITY = YES_AGGRESSIVE;
				CLANG_WARN_UNREACHABLE_CODE = YES;
				CLANG_WARN__DUPLICATE_METHOD_MATCH = YES;
				COPY_PHASE_STRIP = NO;
				CURRENT_PROJECT_VERSION = 1;
				DEBUG_INFORMATION_FORMAT = "dwarf-with-dsym";
				ENABLE_NS_ASSERTIONS = NO;
				ENABLE_STRICT_OBJC_MSGSEND = YES;
				GCC_C_LANGUAGE_STANDARD = gnu11;
				GCC_NO_COMMON_BLOCKS = YES;
				GCC_WARN_64_TO_32_BIT_CONVERSION = YES;
				GCC_WARN_ABOUT_RETURN_TYPE = YES_ERROR;
				GCC_WARN_UNDECLARED_SELECTOR = YES;
				GCC_WARN_UNINITIALIZED_AUTOS = YES_AGGRESSIVE;
				GCC_WARN_UNUSED_FUNCTION = YES;
				GCC_WARN_UNUSED_VARIABLE = YES;
				IPHONEOS_DEPLOYMENT_TARGET = 15.0;
				MACOSX_DEPLOYMENT_TARGET = 11.0;
				MTL_ENABLE_DEBUG_INFO = NO;
				MTL_FAST_MATH = YES;
				SDKROOT = macosx;
				SWIFT_COMPILATION_MODE = wholemodule;
				SWIFT_OPTIMIZATION_LEVEL = "-O";
				VERSIONING_SYSTEM = "apple-generic";
				VERSION_INFO_PREFIX = "";
			};
			name = Release;
		};
		5B86F0DA28ACC2F000794424 /* Debug */ = {
			isa = XCBuildConfiguration;
			buildSettings = {
				CODE_SIGN_STYLE = Automatic;
				COMBINE_HIDPI_IMAGES = YES;
				CURRENT_PROJECT_VERSION = 1;
				DEFINES_MODULE = YES;
				DEVELOPMENT_TEAM = 79N987WTJK;
				DYLIB_COMPATIBILITY_VERSION = 1;
				DYLIB_CURRENT_VERSION = 1;
				DYLIB_INSTALL_NAME_BASE = "@rpath";
				GENERATE_INFOPLIST_FILE = YES;
				INFOPLIST_KEY_NSHumanReadableCopyright = "";
				INSTALL_PATH = "$(LOCAL_LIBRARY_DIR)/Frameworks";
				LD_RUNPATH_SEARCH_PATHS = (
					"$(inherited)",
					"@executable_path/../Frameworks",
					"@loader_path/Frameworks",
				);
				MACOSX_DEPLOYMENT_TARGET = 11.0;
				MARKETING_VERSION = 1.0;
				PRODUCT_BUNDLE_IDENTIFIER = com.EssentialFeed;
				PRODUCT_NAME = "$(TARGET_NAME:c99extidentifier)";
				SKIP_INSTALL = YES;
				SUPPORTED_PLATFORMS = "macosx iphoneos iphonesimulator";
				SWIFT_EMIT_LOC_STRINGS = YES;
				SWIFT_VERSION = 5.0;
			};
			name = Debug;
		};
		5B86F0DB28ACC2F000794424 /* Release */ = {
			isa = XCBuildConfiguration;
			buildSettings = {
				CODE_SIGN_STYLE = Automatic;
				COMBINE_HIDPI_IMAGES = YES;
				CURRENT_PROJECT_VERSION = 1;
				DEFINES_MODULE = YES;
				DEVELOPMENT_TEAM = 79N987WTJK;
				DYLIB_COMPATIBILITY_VERSION = 1;
				DYLIB_CURRENT_VERSION = 1;
				DYLIB_INSTALL_NAME_BASE = "@rpath";
				GENERATE_INFOPLIST_FILE = YES;
				INFOPLIST_KEY_NSHumanReadableCopyright = "";
				INSTALL_PATH = "$(LOCAL_LIBRARY_DIR)/Frameworks";
				LD_RUNPATH_SEARCH_PATHS = (
					"$(inherited)",
					"@executable_path/../Frameworks",
					"@loader_path/Frameworks",
				);
				MACOSX_DEPLOYMENT_TARGET = 11.0;
				MARKETING_VERSION = 1.0;
				PRODUCT_BUNDLE_IDENTIFIER = com.EssentialFeed;
				PRODUCT_NAME = "$(TARGET_NAME:c99extidentifier)";
				SKIP_INSTALL = YES;
				SUPPORTED_PLATFORMS = "macosx iphoneos iphonesimulator";
				SWIFT_EMIT_LOC_STRINGS = YES;
				SWIFT_VERSION = 5.0;
			};
			name = Release;
		};
		5B86F0DD28ACC2F000794424 /* Debug */ = {
			isa = XCBuildConfiguration;
			buildSettings = {
				ALWAYS_EMBED_SWIFT_STANDARD_LIBRARIES = YES;
				CODE_SIGN_STYLE = Automatic;
				CURRENT_PROJECT_VERSION = 1;
				DEVELOPMENT_TEAM = 79N987WTJK;
				GENERATE_INFOPLIST_FILE = YES;
				MARKETING_VERSION = 1.0;
				PRODUCT_BUNDLE_IDENTIFIER = com.EssentialFeedTests;
				PRODUCT_NAME = "$(TARGET_NAME)";
				SUPPORTED_PLATFORMS = "macosx iphonesimulator iphoneos";
				SWIFT_EMIT_LOC_STRINGS = NO;
				SWIFT_VERSION = 5.0;
			};
			name = Debug;
		};
		5B86F0DE28ACC2F000794424 /* Release */ = {
			isa = XCBuildConfiguration;
			buildSettings = {
				ALWAYS_EMBED_SWIFT_STANDARD_LIBRARIES = YES;
				CODE_SIGN_STYLE = Automatic;
				CURRENT_PROJECT_VERSION = 1;
				DEVELOPMENT_TEAM = 79N987WTJK;
				GENERATE_INFOPLIST_FILE = YES;
				MARKETING_VERSION = 1.0;
				PRODUCT_BUNDLE_IDENTIFIER = com.EssentialFeedTests;
				PRODUCT_NAME = "$(TARGET_NAME)";
				SUPPORTED_PLATFORMS = "macosx iphonesimulator iphoneos";
				SWIFT_EMIT_LOC_STRINGS = NO;
				SWIFT_VERSION = 5.0;
			};
			name = Release;
		};
		5BAB32E228EEB5260094B90D /* Debug */ = {
			isa = XCBuildConfiguration;
			buildSettings = {
				CODE_SIGN_STYLE = Automatic;
				CURRENT_PROJECT_VERSION = 1;
				DEFINES_MODULE = YES;
				DEVELOPMENT_TEAM = 79N987WTJK;
				DYLIB_COMPATIBILITY_VERSION = 1;
				DYLIB_CURRENT_VERSION = 1;
				DYLIB_INSTALL_NAME_BASE = "@rpath";
				GENERATE_INFOPLIST_FILE = YES;
				INFOPLIST_KEY_NSHumanReadableCopyright = "";
				INSTALL_PATH = "$(LOCAL_LIBRARY_DIR)/Frameworks";
				IPHONEOS_DEPLOYMENT_TARGET = 15.0;
				"IPHONEOS_DEPLOYMENT_TARGET[sdk=macosx*]" = 14.2;
				LD_RUNPATH_SEARCH_PATHS = (
					"$(inherited)",
					"@executable_path/Frameworks",
					"@loader_path/Frameworks",
				);
				MARKETING_VERSION = 1.0;
				PRODUCT_BUNDLE_IDENTIFIER = com.EssentialFeediOS;
				PRODUCT_NAME = "$(TARGET_NAME:c99extidentifier)";
				SDKROOT = iphoneos;
				SKIP_INSTALL = YES;
				SWIFT_EMIT_LOC_STRINGS = YES;
				SWIFT_VERSION = 5.0;
				TARGETED_DEVICE_FAMILY = "1,2";
			};
			name = Debug;
		};
		5BAB32E328EEB5260094B90D /* Release */ = {
			isa = XCBuildConfiguration;
			buildSettings = {
				CODE_SIGN_STYLE = Automatic;
				CURRENT_PROJECT_VERSION = 1;
				DEFINES_MODULE = YES;
				DEVELOPMENT_TEAM = 79N987WTJK;
				DYLIB_COMPATIBILITY_VERSION = 1;
				DYLIB_CURRENT_VERSION = 1;
				DYLIB_INSTALL_NAME_BASE = "@rpath";
				GENERATE_INFOPLIST_FILE = YES;
				INFOPLIST_KEY_NSHumanReadableCopyright = "";
				INSTALL_PATH = "$(LOCAL_LIBRARY_DIR)/Frameworks";
				IPHONEOS_DEPLOYMENT_TARGET = 15.0;
				"IPHONEOS_DEPLOYMENT_TARGET[sdk=macosx*]" = 14.2;
				LD_RUNPATH_SEARCH_PATHS = (
					"$(inherited)",
					"@executable_path/Frameworks",
					"@loader_path/Frameworks",
				);
				MARKETING_VERSION = 1.0;
				PRODUCT_BUNDLE_IDENTIFIER = com.EssentialFeediOS;
				PRODUCT_NAME = "$(TARGET_NAME:c99extidentifier)";
				SDKROOT = iphoneos;
				SKIP_INSTALL = YES;
				SWIFT_EMIT_LOC_STRINGS = YES;
				SWIFT_VERSION = 5.0;
				TARGETED_DEVICE_FAMILY = "1,2";
				VALIDATE_PRODUCT = YES;
			};
			name = Release;
		};
		5BAB32E528EEB5260094B90D /* Debug */ = {
			isa = XCBuildConfiguration;
			buildSettings = {
				ALWAYS_EMBED_SWIFT_STANDARD_LIBRARIES = YES;
				CLANG_ENABLE_MODULES = YES;
				CODE_SIGN_STYLE = Automatic;
				CURRENT_PROJECT_VERSION = 1;
				DEVELOPMENT_TEAM = 79N987WTJK;
				GENERATE_INFOPLIST_FILE = YES;
				IPHONEOS_DEPLOYMENT_TARGET = 15.5;
				LD_RUNPATH_SEARCH_PATHS = (
					"$(inherited)",
					"@executable_path/Frameworks",
					"@loader_path/Frameworks",
				);
				MARKETING_VERSION = 1.0;
				PRODUCT_BUNDLE_IDENTIFIER = com.EssentialFeediOSTests;
				PRODUCT_NAME = "$(TARGET_NAME)";
				SDKROOT = iphoneos;
				SWIFT_EMIT_LOC_STRINGS = NO;
				SWIFT_OBJC_BRIDGING_HEADER = "EssentialFeediOSTests/EssentialFeediOSTests-Bridging-Header.h";
				SWIFT_OPTIMIZATION_LEVEL = "-Onone";
				SWIFT_VERSION = 5.0;
				TARGETED_DEVICE_FAMILY = "1,2";
			};
			name = Debug;
		};
		5BAB32E628EEB5260094B90D /* Release */ = {
			isa = XCBuildConfiguration;
			buildSettings = {
				ALWAYS_EMBED_SWIFT_STANDARD_LIBRARIES = YES;
				CLANG_ENABLE_MODULES = YES;
				CODE_SIGN_STYLE = Automatic;
				CURRENT_PROJECT_VERSION = 1;
				DEVELOPMENT_TEAM = 79N987WTJK;
				GENERATE_INFOPLIST_FILE = YES;
				IPHONEOS_DEPLOYMENT_TARGET = 15.5;
				LD_RUNPATH_SEARCH_PATHS = (
					"$(inherited)",
					"@executable_path/Frameworks",
					"@loader_path/Frameworks",
				);
				MARKETING_VERSION = 1.0;
				PRODUCT_BUNDLE_IDENTIFIER = com.EssentialFeediOSTests;
				PRODUCT_NAME = "$(TARGET_NAME)";
				SDKROOT = iphoneos;
				SWIFT_EMIT_LOC_STRINGS = NO;
				SWIFT_OBJC_BRIDGING_HEADER = "EssentialFeediOSTests/EssentialFeediOSTests-Bridging-Header.h";
				SWIFT_VERSION = 5.0;
				TARGETED_DEVICE_FAMILY = "1,2";
				VALIDATE_PRODUCT = YES;
			};
			name = Release;
		};
		5BABAA0128BC97F100661412 /* Debug */ = {
			isa = XCBuildConfiguration;
			buildSettings = {
				CODE_SIGN_STYLE = Automatic;
				CURRENT_PROJECT_VERSION = 1;
				DEVELOPMENT_TEAM = 79N987WTJK;
				GENERATE_INFOPLIST_FILE = YES;
				MARKETING_VERSION = 1.0;
				PRODUCT_BUNDLE_IDENTIFIER = com.EssentialFeedAPIEndToEndTests;
				PRODUCT_NAME = "$(TARGET_NAME)";
				SUPPORTED_PLATFORMS = "macosx iphoneos iphonesimulator";
				SWIFT_EMIT_LOC_STRINGS = NO;
				SWIFT_VERSION = 5.0;
			};
			name = Debug;
		};
		5BABAA0228BC97F100661412 /* Release */ = {
			isa = XCBuildConfiguration;
			buildSettings = {
				CODE_SIGN_STYLE = Automatic;
				CURRENT_PROJECT_VERSION = 1;
				DEVELOPMENT_TEAM = 79N987WTJK;
				GENERATE_INFOPLIST_FILE = YES;
				MARKETING_VERSION = 1.0;
				PRODUCT_BUNDLE_IDENTIFIER = com.EssentialFeedAPIEndToEndTests;
				PRODUCT_NAME = "$(TARGET_NAME)";
				SUPPORTED_PLATFORMS = "macosx iphoneos iphonesimulator";
				SWIFT_EMIT_LOC_STRINGS = NO;
				SWIFT_VERSION = 5.0;
			};
			name = Release;
		};
		5BDFAA3528E2D2D5009B2775 /* Debug */ = {
			isa = XCBuildConfiguration;
			buildSettings = {
				CODE_SIGN_STYLE = Automatic;
				CURRENT_PROJECT_VERSION = 1;
				DEVELOPMENT_TEAM = 79N987WTJK;
				GENERATE_INFOPLIST_FILE = YES;
				MACOSX_DEPLOYMENT_TARGET = 12.3;
				MARKETING_VERSION = 1.0;
				PRODUCT_BUNDLE_IDENTIFIER = com.EssentialFeedCacheIntegrationTests;
				PRODUCT_NAME = "$(TARGET_NAME)";
				SUPPORTED_PLATFORMS = "macosx iphoneos iphonesimulator";
				SWIFT_EMIT_LOC_STRINGS = NO;
				SWIFT_VERSION = 5.0;
			};
			name = Debug;
		};
		5BDFAA3628E2D2D5009B2775 /* Release */ = {
			isa = XCBuildConfiguration;
			buildSettings = {
				CODE_SIGN_STYLE = Automatic;
				CURRENT_PROJECT_VERSION = 1;
				DEVELOPMENT_TEAM = 79N987WTJK;
				GENERATE_INFOPLIST_FILE = YES;
				MACOSX_DEPLOYMENT_TARGET = 12.3;
				MARKETING_VERSION = 1.0;
				PRODUCT_BUNDLE_IDENTIFIER = com.EssentialFeedCacheIntegrationTests;
				PRODUCT_NAME = "$(TARGET_NAME)";
				SUPPORTED_PLATFORMS = "macosx iphoneos iphonesimulator";
				SWIFT_EMIT_LOC_STRINGS = NO;
				SWIFT_VERSION = 5.0;
			};
			name = Release;
		};
/* End XCBuildConfiguration section */

/* Begin XCConfigurationList section */
		5B86F0BF28ACC2F000794424 /* Build configuration list for PBXProject "EssentialFeed" */ = {
			isa = XCConfigurationList;
			buildConfigurations = (
				5B86F0D728ACC2F000794424 /* Debug */,
				5B86F0D828ACC2F000794424 /* Release */,
			);
			defaultConfigurationIsVisible = 0;
			defaultConfigurationName = Release;
		};
		5B86F0D928ACC2F000794424 /* Build configuration list for PBXNativeTarget "EssentialFeed" */ = {
			isa = XCConfigurationList;
			buildConfigurations = (
				5B86F0DA28ACC2F000794424 /* Debug */,
				5B86F0DB28ACC2F000794424 /* Release */,
			);
			defaultConfigurationIsVisible = 0;
			defaultConfigurationName = Release;
		};
		5B86F0DC28ACC2F000794424 /* Build configuration list for PBXNativeTarget "EssentialFeedTests" */ = {
			isa = XCConfigurationList;
			buildConfigurations = (
				5B86F0DD28ACC2F000794424 /* Debug */,
				5B86F0DE28ACC2F000794424 /* Release */,
			);
			defaultConfigurationIsVisible = 0;
			defaultConfigurationName = Release;
		};
		5BAB32E128EEB5260094B90D /* Build configuration list for PBXNativeTarget "EssentialFeediOS" */ = {
			isa = XCConfigurationList;
			buildConfigurations = (
				5BAB32E228EEB5260094B90D /* Debug */,
				5BAB32E328EEB5260094B90D /* Release */,
			);
			defaultConfigurationIsVisible = 0;
			defaultConfigurationName = Release;
		};
		5BAB32E428EEB5260094B90D /* Build configuration list for PBXNativeTarget "EssentialFeediOSTests" */ = {
			isa = XCConfigurationList;
			buildConfigurations = (
				5BAB32E528EEB5260094B90D /* Debug */,
				5BAB32E628EEB5260094B90D /* Release */,
			);
			defaultConfigurationIsVisible = 0;
			defaultConfigurationName = Release;
		};
		5BABAA0328BC97F100661412 /* Build configuration list for PBXNativeTarget "EssentialFeedAPIEndToEndTests" */ = {
			isa = XCConfigurationList;
			buildConfigurations = (
				5BABAA0128BC97F100661412 /* Debug */,
				5BABAA0228BC97F100661412 /* Release */,
			);
			defaultConfigurationIsVisible = 0;
			defaultConfigurationName = Release;
		};
		5BDFAA3728E2D2D5009B2775 /* Build configuration list for PBXNativeTarget "EssentialFeedCacheIntegrationTests" */ = {
			isa = XCConfigurationList;
			buildConfigurations = (
				5BDFAA3528E2D2D5009B2775 /* Debug */,
				5BDFAA3628E2D2D5009B2775 /* Release */,
			);
			defaultConfigurationIsVisible = 0;
			defaultConfigurationName = Release;
		};
/* End XCConfigurationList section */

/* Begin XCVersionGroup section */
		5B3D5BE128DAEEC900AB2218 /* FeedStore.xcdatamodeld */ = {
			isa = XCVersionGroup;
			children = (
				5B3D5BE228DAEEC900AB2218 /* FeedStore.xcdatamodel */,
			);
			currentVersion = 5B3D5BE228DAEEC900AB2218 /* FeedStore.xcdatamodel */;
			path = FeedStore.xcdatamodeld;
			sourceTree = "<group>";
			versionGroupType = wrapper.xcdatamodel;
		};
/* End XCVersionGroup section */
	};
	rootObject = 5B86F0BC28ACC2F000794424 /* Project object */;
}
