// !$*UTF8*$!
{
	archiveVersion = 1;
	classes = {
	};
	objectVersion = 56;
	objects = {

/* Begin PBXBuildFile section */
		5B14E8DF2922CC6A0055CB25 /* SceneDelegateTests.swift in Sources */ = {isa = PBXBuildFile; fileRef = 5B14E8DE2922CC6A0055CB25 /* SceneDelegateTests.swift */; };
		5B1F41AC291CEC6D000CCAE6 /* EssentialAppUIAcceptanceTests.swift in Sources */ = {isa = PBXBuildFile; fileRef = 5B1F41AB291CEC6D000CCAE6 /* EssentialAppUIAcceptanceTests.swift */; };
		5B696B1F2918F425001F25D9 /* EssentialFeed.framework in Frameworks */ = {isa = PBXBuildFile; fileRef = 5B696B1E2918F425001F25D9 /* EssentialFeed.framework */; };
		5B696B202918F425001F25D9 /* EssentialFeed.framework in Embed Frameworks */ = {isa = PBXBuildFile; fileRef = 5B696B1E2918F425001F25D9 /* EssentialFeed.framework */; settings = {ATTRIBUTES = (CodeSignOnCopy, RemoveHeadersOnCopy, ); }; };
		5B696B232918F429001F25D9 /* EssentialFeediOS.framework in Frameworks */ = {isa = PBXBuildFile; fileRef = 5B696B222918F429001F25D9 /* EssentialFeediOS.framework */; };
		5B696B242918F429001F25D9 /* EssentialFeediOS.framework in Embed Frameworks */ = {isa = PBXBuildFile; fileRef = 5B696B222918F429001F25D9 /* EssentialFeediOS.framework */; settings = {ATTRIBUTES = (CodeSignOnCopy, RemoveHeadersOnCopy, ); }; };
		5B696B262918F5B6001F25D9 /* FeedLoaderWithFallbackCompositeTests.swift in Sources */ = {isa = PBXBuildFile; fileRef = 5B696B252918F5B6001F25D9 /* FeedLoaderWithFallbackCompositeTests.swift */; };
		5B696B2A29194373001F25D9 /* FeedLoaderWithFallbackComposite.swift in Sources */ = {isa = PBXBuildFile; fileRef = 5B696B2929194373001F25D9 /* FeedLoaderWithFallbackComposite.swift */; };
		5B696B2E29197D9B001F25D9 /* FeedImageDataLoaderWithFallbackCompositeTests.swift in Sources */ = {isa = PBXBuildFile; fileRef = 5B696B2D29197D9B001F25D9 /* FeedImageDataLoaderWithFallbackCompositeTests.swift */; };
		5B82E87A29150574000F4D6F /* AppDelegate.swift in Sources */ = {isa = PBXBuildFile; fileRef = 5B82E87929150574000F4D6F /* AppDelegate.swift */; };
		5B82E87C29150574000F4D6F /* SceneDelegate.swift in Sources */ = {isa = PBXBuildFile; fileRef = 5B82E87B29150574000F4D6F /* SceneDelegate.swift */; };
		5B82E87E29150574000F4D6F /* ViewController.swift in Sources */ = {isa = PBXBuildFile; fileRef = 5B82E87D29150574000F4D6F /* ViewController.swift */; };
		5B82E88129150574000F4D6F /* Main.storyboard in Resources */ = {isa = PBXBuildFile; fileRef = 5B82E87F29150574000F4D6F /* Main.storyboard */; };
		5B82E88329150576000F4D6F /* Assets.xcassets in Resources */ = {isa = PBXBuildFile; fileRef = 5B82E88229150576000F4D6F /* Assets.xcassets */; };
		5B82E88629150576000F4D6F /* LaunchScreen.storyboard in Resources */ = {isa = PBXBuildFile; fileRef = 5B82E88429150576000F4D6F /* LaunchScreen.storyboard */; };
		5B920DB4291C3DCB0056677F /* FeedImageDataLoaderCacheDecoratorTests.swift in Sources */ = {isa = PBXBuildFile; fileRef = 5B920DB3291C3DCB0056677F /* FeedImageDataLoaderCacheDecoratorTests.swift */; };
		5B920DB6291C3F780056677F /* FeedImageDataLoaderSpy.swift in Sources */ = {isa = PBXBuildFile; fileRef = 5B920DB5291C3F780056677F /* FeedImageDataLoaderSpy.swift */; };
		5B920DB8291C401D0056677F /* XCTestCase+FeedImageDataLoader.swift in Sources */ = {isa = PBXBuildFile; fileRef = 5B920DB7291C401D0056677F /* XCTestCase+FeedImageDataLoader.swift */; };
		5B920DBC291C429C0056677F /* FeedImageDataLoaderCacheDecorator.swift in Sources */ = {isa = PBXBuildFile; fileRef = 5B920DBB291C429C0056677F /* FeedImageDataLoaderCacheDecorator.swift */; };
		5BC8903B291E3D1F00189C60 /* DebuggingSceneDelegate.swift in Sources */ = {isa = PBXBuildFile; fileRef = 5BC8903A291E3D1F00189C60 /* DebuggingSceneDelegate.swift */; };
		5BC8E428291B916600C1ADB7 /* FeedLoaderCacheDecoratorTests.swift in Sources */ = {isa = PBXBuildFile; fileRef = 5BC8E427291B916600C1ADB7 /* FeedLoaderCacheDecoratorTests.swift */; };
		5BC8E42A291B944900C1ADB7 /* FeedLoaderStub.swift in Sources */ = {isa = PBXBuildFile; fileRef = 5BC8E429291B944900C1ADB7 /* FeedLoaderStub.swift */; };
		5BC8E42C291B956500C1ADB7 /* XCTestCase+FeedLoader.swift in Sources */ = {isa = PBXBuildFile; fileRef = 5BC8E42B291B956500C1ADB7 /* XCTestCase+FeedLoader.swift */; };
		5BC8E430291B9C7700C1ADB7 /* FeedLoaderCacheDecorator.swift in Sources */ = {isa = PBXBuildFile; fileRef = 5BC8E42F291B9C7700C1ADB7 /* FeedLoaderCacheDecorator.swift */; };
		5BCE2FD929237D5F00621DED /* FeedViewAdapter.swift in Sources */ = {isa = PBXBuildFile; fileRef = 5BCE2FD729237D5F00621DED /* FeedViewAdapter.swift */; };
		5BCE2FDA29237D5F00621DED /* WeakRefVirtualProxy.swift in Sources */ = {isa = PBXBuildFile; fileRef = 5BCE2FD629237D5F00621DED /* WeakRefVirtualProxy.swift */; };
		5BCE2FDB29237D5F00621DED /* FeedLoaderPresentationAdapter.swift in Sources */ = {isa = PBXBuildFile; fileRef = 5BCE2FD329237D5E00621DED /* FeedLoaderPresentationAdapter.swift */; };
		5BCE2FDC29237D5F00621DED /* FeedImageDataLoaderPresentationAdapter.swift in Sources */ = {isa = PBXBuildFile; fileRef = 5BCE2FD529237D5F00621DED /* FeedImageDataLoaderPresentationAdapter.swift */; };
		5BCE2FDD29237D5F00621DED /* FeedUIComposer.swift in Sources */ = {isa = PBXBuildFile; fileRef = 5BCE2FD429237D5E00621DED /* FeedUIComposer.swift */; };
		5BCE2FDE29237D5F00621DED /* MainQueueDispatchDecorator.swift in Sources */ = {isa = PBXBuildFile; fileRef = 5BCE2FD829237D5F00621DED /* MainQueueDispatchDecorator.swift */; };
		5BCE2FE829237D8E00621DED /* UIImage+TestHelpers.swift in Sources */ = {isa = PBXBuildFile; fileRef = 5BCE2FE329237D8D00621DED /* UIImage+TestHelpers.swift */; };
		5BCE2FE929237D8E00621DED /* UIControl+TestHelpers.swift in Sources */ = {isa = PBXBuildFile; fileRef = 5BCE2FE129237D8D00621DED /* UIControl+TestHelpers.swift */; };
		5BCE2FEA29237D8E00621DED /* UIRefreshControl+TestHelpers.swift in Sources */ = {isa = PBXBuildFile; fileRef = 5BCE2FE429237D8D00621DED /* UIRefreshControl+TestHelpers.swift */; };
		5BCE2FEB29237D8E00621DED /* FeedViewContellerTests+Localization.swift in Sources */ = {isa = PBXBuildFile; fileRef = 5BCE2FDF29237D8D00621DED /* FeedViewContellerTests+Localization.swift */; };
		5BCE2FEC29237D8E00621DED /* FeedViewController+TestHelpers.swift in Sources */ = {isa = PBXBuildFile; fileRef = 5BCE2FE029237D8D00621DED /* FeedViewController+TestHelpers.swift */; };
		5BCE2FED29237D8E00621DED /* FeedUIIntegrationTests+LoaderSpy.swift in Sources */ = {isa = PBXBuildFile; fileRef = 5BCE2FE729237D8E00621DED /* FeedUIIntegrationTests+LoaderSpy.swift */; };
		5BCE2FEE29237D8E00621DED /* UIButton+TestHelpers.swift in Sources */ = {isa = PBXBuildFile; fileRef = 5BCE2FE629237D8E00621DED /* UIButton+TestHelpers.swift */; };
		5BCE2FEF29237D8E00621DED /* FeedImageCell+TestHelpers.swift in Sources */ = {isa = PBXBuildFile; fileRef = 5BCE2FE529237D8E00621DED /* FeedImageCell+TestHelpers.swift */; };
		5BCE2FF029237D8E00621DED /* FeedUIIntegrationTests+Assertions.swift in Sources */ = {isa = PBXBuildFile; fileRef = 5BCE2FE229237D8D00621DED /* FeedUIIntegrationTests+Assertions.swift */; };
		5BCE2FF229237DC100621DED /* FeedUIIntegrationTests.swift in Sources */ = {isa = PBXBuildFile; fileRef = 5BCE2FF129237DC100621DED /* FeedUIIntegrationTests.swift */; };
		5BD06558291A421300642446 /* FeedImageDataLoaderWithFallbackComposite.swift in Sources */ = {isa = PBXBuildFile; fileRef = 5BD06557291A421300642446 /* FeedImageDataLoaderWithFallbackComposite.swift */; };
		5BD0655C291A434A00642446 /* XCTestCase+MemoryLeakTracking.swift in Sources */ = {isa = PBXBuildFile; fileRef = 5BD0655A291A42EE00642446 /* XCTestCase+MemoryLeakTracking.swift */; };
		5BD0655E291A439100642446 /* SharedTestHelpers.swift in Sources */ = {isa = PBXBuildFile; fileRef = 5BD0655D291A439100642446 /* SharedTestHelpers.swift */; };
/* End PBXBuildFile section */

/* Begin PBXContainerItemProxy section */
		5B1F41AF291CEC6D000CCAE6 /* PBXContainerItemProxy */ = {
			isa = PBXContainerItemProxy;
			containerPortal = 5B82E86E29150574000F4D6F /* Project object */;
			proxyType = 1;
			remoteGlobalIDString = 5B82E87529150574000F4D6F;
			remoteInfo = EssentialApp;
		};
		5B82E88D29150576000F4D6F /* PBXContainerItemProxy */ = {
			isa = PBXContainerItemProxy;
			containerPortal = 5B82E86E29150574000F4D6F /* Project object */;
			proxyType = 1;
			remoteGlobalIDString = 5B82E87529150574000F4D6F;
			remoteInfo = EssentialApp;
		};
/* End PBXContainerItemProxy section */

/* Begin PBXCopyFilesBuildPhase section */
		5B696B212918F425001F25D9 /* Embed Frameworks */ = {
			isa = PBXCopyFilesBuildPhase;
			buildActionMask = 2147483647;
			dstPath = "";
			dstSubfolderSpec = 10;
			files = (
				5B696B202918F425001F25D9 /* EssentialFeed.framework in Embed Frameworks */,
				5B696B242918F429001F25D9 /* EssentialFeediOS.framework in Embed Frameworks */,
			);
			name = "Embed Frameworks";
			runOnlyForDeploymentPostprocessing = 0;
		};
/* End PBXCopyFilesBuildPhase section */

/* Begin PBXFileReference section */
		5B14E8DE2922CC6A0055CB25 /* SceneDelegateTests.swift */ = {isa = PBXFileReference; lastKnownFileType = sourcecode.swift; path = SceneDelegateTests.swift; sourceTree = "<group>"; };
		5B1F41A9291CEC6D000CCAE6 /* EssentialAppUIAcceptanceTests.xctest */ = {isa = PBXFileReference; explicitFileType = wrapper.cfbundle; includeInIndex = 0; path = EssentialAppUIAcceptanceTests.xctest; sourceTree = BUILT_PRODUCTS_DIR; };
		5B1F41AB291CEC6D000CCAE6 /* EssentialAppUIAcceptanceTests.swift */ = {isa = PBXFileReference; lastKnownFileType = sourcecode.swift; path = EssentialAppUIAcceptanceTests.swift; sourceTree = "<group>"; };
		5B696B1E2918F425001F25D9 /* EssentialFeed.framework */ = {isa = PBXFileReference; explicitFileType = wrapper.framework; path = EssentialFeed.framework; sourceTree = BUILT_PRODUCTS_DIR; };
		5B696B222918F429001F25D9 /* EssentialFeediOS.framework */ = {isa = PBXFileReference; explicitFileType = wrapper.framework; path = EssentialFeediOS.framework; sourceTree = BUILT_PRODUCTS_DIR; };
		5B696B252918F5B6001F25D9 /* FeedLoaderWithFallbackCompositeTests.swift */ = {isa = PBXFileReference; lastKnownFileType = sourcecode.swift; path = FeedLoaderWithFallbackCompositeTests.swift; sourceTree = "<group>"; };
		5B696B2929194373001F25D9 /* FeedLoaderWithFallbackComposite.swift */ = {isa = PBXFileReference; lastKnownFileType = sourcecode.swift; path = FeedLoaderWithFallbackComposite.swift; sourceTree = "<group>"; };
		5B696B2D29197D9B001F25D9 /* FeedImageDataLoaderWithFallbackCompositeTests.swift */ = {isa = PBXFileReference; lastKnownFileType = sourcecode.swift; path = FeedImageDataLoaderWithFallbackCompositeTests.swift; sourceTree = "<group>"; };
		5B82E87629150574000F4D6F /* EssentialApp.app */ = {isa = PBXFileReference; explicitFileType = wrapper.application; includeInIndex = 0; path = EssentialApp.app; sourceTree = BUILT_PRODUCTS_DIR; };
		5B82E87929150574000F4D6F /* AppDelegate.swift */ = {isa = PBXFileReference; lastKnownFileType = sourcecode.swift; path = AppDelegate.swift; sourceTree = "<group>"; };
		5B82E87B29150574000F4D6F /* SceneDelegate.swift */ = {isa = PBXFileReference; lastKnownFileType = sourcecode.swift; path = SceneDelegate.swift; sourceTree = "<group>"; };
		5B82E87D29150574000F4D6F /* ViewController.swift */ = {isa = PBXFileReference; lastKnownFileType = sourcecode.swift; path = ViewController.swift; sourceTree = "<group>"; };
		5B82E88029150574000F4D6F /* Base */ = {isa = PBXFileReference; lastKnownFileType = file.storyboard; name = Base; path = Base.lproj/Main.storyboard; sourceTree = "<group>"; };
		5B82E88229150576000F4D6F /* Assets.xcassets */ = {isa = PBXFileReference; lastKnownFileType = folder.assetcatalog; path = Assets.xcassets; sourceTree = "<group>"; };
		5B82E88529150576000F4D6F /* Base */ = {isa = PBXFileReference; lastKnownFileType = file.storyboard; name = Base; path = Base.lproj/LaunchScreen.storyboard; sourceTree = "<group>"; };
		5B82E88729150576000F4D6F /* Info.plist */ = {isa = PBXFileReference; lastKnownFileType = text.plist.xml; path = Info.plist; sourceTree = "<group>"; };
		5B82E88C29150576000F4D6F /* EssentialAppTests.xctest */ = {isa = PBXFileReference; explicitFileType = wrapper.cfbundle; includeInIndex = 0; path = EssentialAppTests.xctest; sourceTree = BUILT_PRODUCTS_DIR; };
		5B920DB3291C3DCB0056677F /* FeedImageDataLoaderCacheDecoratorTests.swift */ = {isa = PBXFileReference; lastKnownFileType = sourcecode.swift; path = FeedImageDataLoaderCacheDecoratorTests.swift; sourceTree = "<group>"; };
		5B920DB5291C3F780056677F /* FeedImageDataLoaderSpy.swift */ = {isa = PBXFileReference; lastKnownFileType = sourcecode.swift; path = FeedImageDataLoaderSpy.swift; sourceTree = "<group>"; };
		5B920DB7291C401D0056677F /* XCTestCase+FeedImageDataLoader.swift */ = {isa = PBXFileReference; lastKnownFileType = sourcecode.swift; path = "XCTestCase+FeedImageDataLoader.swift"; sourceTree = "<group>"; };
		5B920DBB291C429C0056677F /* FeedImageDataLoaderCacheDecorator.swift */ = {isa = PBXFileReference; lastKnownFileType = sourcecode.swift; path = FeedImageDataLoaderCacheDecorator.swift; sourceTree = "<group>"; };
		5BC8903A291E3D1F00189C60 /* DebuggingSceneDelegate.swift */ = {isa = PBXFileReference; lastKnownFileType = sourcecode.swift; path = DebuggingSceneDelegate.swift; sourceTree = "<group>"; };
		5BC8E427291B916600C1ADB7 /* FeedLoaderCacheDecoratorTests.swift */ = {isa = PBXFileReference; lastKnownFileType = sourcecode.swift; path = FeedLoaderCacheDecoratorTests.swift; sourceTree = "<group>"; };
		5BC8E429291B944900C1ADB7 /* FeedLoaderStub.swift */ = {isa = PBXFileReference; lastKnownFileType = sourcecode.swift; path = FeedLoaderStub.swift; sourceTree = "<group>"; };
		5BC8E42B291B956500C1ADB7 /* XCTestCase+FeedLoader.swift */ = {isa = PBXFileReference; lastKnownFileType = sourcecode.swift; path = "XCTestCase+FeedLoader.swift"; sourceTree = "<group>"; };
		5BC8E42F291B9C7700C1ADB7 /* FeedLoaderCacheDecorator.swift */ = {isa = PBXFileReference; lastKnownFileType = sourcecode.swift; path = FeedLoaderCacheDecorator.swift; sourceTree = "<group>"; };
		5BCE2FD329237D5E00621DED /* FeedLoaderPresentationAdapter.swift */ = {isa = PBXFileReference; lastKnownFileType = sourcecode.swift; path = FeedLoaderPresentationAdapter.swift; sourceTree = "<group>"; };
		5BCE2FD429237D5E00621DED /* FeedUIComposer.swift */ = {isa = PBXFileReference; lastKnownFileType = sourcecode.swift; path = FeedUIComposer.swift; sourceTree = "<group>"; };
		5BCE2FD529237D5F00621DED /* FeedImageDataLoaderPresentationAdapter.swift */ = {isa = PBXFileReference; lastKnownFileType = sourcecode.swift; path = FeedImageDataLoaderPresentationAdapter.swift; sourceTree = "<group>"; };
		5BCE2FD629237D5F00621DED /* WeakRefVirtualProxy.swift */ = {isa = PBXFileReference; lastKnownFileType = sourcecode.swift; path = WeakRefVirtualProxy.swift; sourceTree = "<group>"; };
		5BCE2FD729237D5F00621DED /* FeedViewAdapter.swift */ = {isa = PBXFileReference; lastKnownFileType = sourcecode.swift; path = FeedViewAdapter.swift; sourceTree = "<group>"; };
		5BCE2FD829237D5F00621DED /* MainQueueDispatchDecorator.swift */ = {isa = PBXFileReference; lastKnownFileType = sourcecode.swift; path = MainQueueDispatchDecorator.swift; sourceTree = "<group>"; };
		5BCE2FDF29237D8D00621DED /* FeedViewContellerTests+Localization.swift */ = {isa = PBXFileReference; lastKnownFileType = sourcecode.swift; path = "FeedViewContellerTests+Localization.swift"; sourceTree = "<group>"; };
		5BCE2FE029237D8D00621DED /* FeedViewController+TestHelpers.swift */ = {isa = PBXFileReference; lastKnownFileType = sourcecode.swift; path = "FeedViewController+TestHelpers.swift"; sourceTree = "<group>"; };
		5BCE2FE129237D8D00621DED /* UIControl+TestHelpers.swift */ = {isa = PBXFileReference; lastKnownFileType = sourcecode.swift; path = "UIControl+TestHelpers.swift"; sourceTree = "<group>"; };
		5BCE2FE229237D8D00621DED /* FeedUIIntegrationTests+Assertions.swift */ = {isa = PBXFileReference; lastKnownFileType = sourcecode.swift; path = "FeedUIIntegrationTests+Assertions.swift"; sourceTree = "<group>"; };
		5BCE2FE329237D8D00621DED /* UIImage+TestHelpers.swift */ = {isa = PBXFileReference; lastKnownFileType = sourcecode.swift; path = "UIImage+TestHelpers.swift"; sourceTree = "<group>"; };
		5BCE2FE429237D8D00621DED /* UIRefreshControl+TestHelpers.swift */ = {isa = PBXFileReference; lastKnownFileType = sourcecode.swift; path = "UIRefreshControl+TestHelpers.swift"; sourceTree = "<group>"; };
		5BCE2FE529237D8E00621DED /* FeedImageCell+TestHelpers.swift */ = {isa = PBXFileReference; lastKnownFileType = sourcecode.swift; path = "FeedImageCell+TestHelpers.swift"; sourceTree = "<group>"; };
		5BCE2FE629237D8E00621DED /* UIButton+TestHelpers.swift */ = {isa = PBXFileReference; lastKnownFileType = sourcecode.swift; path = "UIButton+TestHelpers.swift"; sourceTree = "<group>"; };
		5BCE2FE729237D8E00621DED /* FeedUIIntegrationTests+LoaderSpy.swift */ = {isa = PBXFileReference; lastKnownFileType = sourcecode.swift; path = "FeedUIIntegrationTests+LoaderSpy.swift"; sourceTree = "<group>"; };
		5BCE2FF129237DC100621DED /* FeedUIIntegrationTests.swift */ = {isa = PBXFileReference; lastKnownFileType = sourcecode.swift; path = FeedUIIntegrationTests.swift; sourceTree = "<group>"; };
		5BD06557291A421300642446 /* FeedImageDataLoaderWithFallbackComposite.swift */ = {isa = PBXFileReference; lastKnownFileType = sourcecode.swift; path = FeedImageDataLoaderWithFallbackComposite.swift; sourceTree = "<group>"; };
		5BD0655A291A42EE00642446 /* XCTestCase+MemoryLeakTracking.swift */ = {isa = PBXFileReference; lastKnownFileType = sourcecode.swift; path = "XCTestCase+MemoryLeakTracking.swift"; sourceTree = "<group>"; };
		5BD0655D291A439100642446 /* SharedTestHelpers.swift */ = {isa = PBXFileReference; lastKnownFileType = sourcecode.swift; path = SharedTestHelpers.swift; sourceTree = "<group>"; };
/* End PBXFileReference section */

/* Begin PBXFrameworksBuildPhase section */
		5B1F41A6291CEC6C000CCAE6 /* Frameworks */ = {
			isa = PBXFrameworksBuildPhase;
			buildActionMask = 2147483647;
			files = (
			);
			runOnlyForDeploymentPostprocessing = 0;
		};
		5B82E87329150574000F4D6F /* Frameworks */ = {
			isa = PBXFrameworksBuildPhase;
			buildActionMask = 2147483647;
			files = (
				5B696B1F2918F425001F25D9 /* EssentialFeed.framework in Frameworks */,
				5B696B232918F429001F25D9 /* EssentialFeediOS.framework in Frameworks */,
			);
			runOnlyForDeploymentPostprocessing = 0;
		};
		5B82E88929150576000F4D6F /* Frameworks */ = {
			isa = PBXFrameworksBuildPhase;
			buildActionMask = 2147483647;
			files = (
			);
			runOnlyForDeploymentPostprocessing = 0;
		};
/* End PBXFrameworksBuildPhase section */

/* Begin PBXGroup section */
		5B1F41AA291CEC6D000CCAE6 /* EssentialAppUIAcceptanceTests */ = {
			isa = PBXGroup;
			children = (
				5B1F41AB291CEC6D000CCAE6 /* EssentialAppUIAcceptanceTests.swift */,
			);
			path = EssentialAppUIAcceptanceTests;
			sourceTree = "<group>";
		};
		5B82E86D29150574000F4D6F = {
			isa = PBXGroup;
			children = (
				5B82E87829150574000F4D6F /* EssentialApp */,
				5B82E88F29150576000F4D6F /* EssentialAppTests */,
				5B1F41AA291CEC6D000CCAE6 /* EssentialAppUIAcceptanceTests */,
				5B82E87729150574000F4D6F /* Products */,
				5B82E8A9291505B1000F4D6F /* Frameworks */,
			);
			sourceTree = "<group>";
		};
		5B82E87729150574000F4D6F /* Products */ = {
			isa = PBXGroup;
			children = (
				5B82E87629150574000F4D6F /* EssentialApp.app */,
				5B82E88C29150576000F4D6F /* EssentialAppTests.xctest */,
				5B1F41A9291CEC6D000CCAE6 /* EssentialAppUIAcceptanceTests.xctest */,
			);
			name = Products;
			sourceTree = "<group>";
		};
		5B82E87829150574000F4D6F /* EssentialApp */ = {
			isa = PBXGroup;
			children = (
				5B82E87929150574000F4D6F /* AppDelegate.swift */,
				5B82E87B29150574000F4D6F /* SceneDelegate.swift */,
				5BCE2FD429237D5E00621DED /* FeedUIComposer.swift */,
				5BCE2FD829237D5F00621DED /* MainQueueDispatchDecorator.swift */,
				5BCE2FD629237D5F00621DED /* WeakRefVirtualProxy.swift */,
				5BCE2FD729237D5F00621DED /* FeedViewAdapter.swift */,
				5BCE2FD329237D5E00621DED /* FeedLoaderPresentationAdapter.swift */,
				5BCE2FD529237D5F00621DED /* FeedImageDataLoaderPresentationAdapter.swift */,
				5BC8903A291E3D1F00189C60 /* DebuggingSceneDelegate.swift */,
				5B82E87D29150574000F4D6F /* ViewController.swift */,
				5B82E87F29150574000F4D6F /* Main.storyboard */,
				5B82E88229150576000F4D6F /* Assets.xcassets */,
				5B82E88429150576000F4D6F /* LaunchScreen.storyboard */,
				5B82E88729150576000F4D6F /* Info.plist */,
				5B696B2929194373001F25D9 /* FeedLoaderWithFallbackComposite.swift */,
				5BD06557291A421300642446 /* FeedImageDataLoaderWithFallbackComposite.swift */,
				5BC8E42F291B9C7700C1ADB7 /* FeedLoaderCacheDecorator.swift */,
				5B920DBB291C429C0056677F /* FeedImageDataLoaderCacheDecorator.swift */,
			);
			path = EssentialApp;
			sourceTree = "<group>";
		};
		5B82E88F29150576000F4D6F /* EssentialAppTests */ = {
			isa = PBXGroup;
			children = (
				5BD06559291A42BA00642446 /* Helpers */,
				5B696B252918F5B6001F25D9 /* FeedLoaderWithFallbackCompositeTests.swift */,
				5B696B2D29197D9B001F25D9 /* FeedImageDataLoaderWithFallbackCompositeTests.swift */,
				5BC8E427291B916600C1ADB7 /* FeedLoaderCacheDecoratorTests.swift */,
				5B920DB3291C3DCB0056677F /* FeedImageDataLoaderCacheDecoratorTests.swift */,
				5B14E8DE2922CC6A0055CB25 /* SceneDelegateTests.swift */,
				5BCE2FF129237DC100621DED /* FeedUIIntegrationTests.swift */,
			);
			path = EssentialAppTests;
			sourceTree = "<group>";
		};
		5B82E8A9291505B1000F4D6F /* Frameworks */ = {
			isa = PBXGroup;
			children = (
				5B696B222918F429001F25D9 /* EssentialFeediOS.framework */,
				5B696B1E2918F425001F25D9 /* EssentialFeed.framework */,
			);
			name = Frameworks;
			sourceTree = "<group>";
		};
		5BD06559291A42BA00642446 /* Helpers */ = {
			isa = PBXGroup;
			children = (
				5BCE2FDF29237D8D00621DED /* FeedViewContellerTests+Localization.swift */,
				5BCE2FE029237D8D00621DED /* FeedViewController+TestHelpers.swift */,
				5BCE2FE629237D8E00621DED /* UIButton+TestHelpers.swift */,
				5BCE2FE129237D8D00621DED /* UIControl+TestHelpers.swift */,
				5BCE2FE329237D8D00621DED /* UIImage+TestHelpers.swift */,
				5BCE2FE429237D8D00621DED /* UIRefreshControl+TestHelpers.swift */,
				5BCE2FE529237D8E00621DED /* FeedImageCell+TestHelpers.swift */,
				5BCE2FE729237D8E00621DED /* FeedUIIntegrationTests+LoaderSpy.swift */,
				5BCE2FE229237D8D00621DED /* FeedUIIntegrationTests+Assertions.swift */,
				5BD0655A291A42EE00642446 /* XCTestCase+MemoryLeakTracking.swift */,
				5BD0655D291A439100642446 /* SharedTestHelpers.swift */,
				5BC8E429291B944900C1ADB7 /* FeedLoaderStub.swift */,
				5BC8E42B291B956500C1ADB7 /* XCTestCase+FeedLoader.swift */,
				5B920DB5291C3F780056677F /* FeedImageDataLoaderSpy.swift */,
				5B920DB7291C401D0056677F /* XCTestCase+FeedImageDataLoader.swift */,
			);
			path = Helpers;
			sourceTree = "<group>";
		};
/* End PBXGroup section */

/* Begin PBXNativeTarget section */
		5B1F41A8291CEC6C000CCAE6 /* EssentialAppUIAcceptanceTests */ = {
			isa = PBXNativeTarget;
			buildConfigurationList = 5B1F41B3291CEC6D000CCAE6 /* Build configuration list for PBXNativeTarget "EssentialAppUIAcceptanceTests" */;
			buildPhases = (
				5B1F41A5291CEC6C000CCAE6 /* Sources */,
				5B1F41A6291CEC6C000CCAE6 /* Frameworks */,
				5B1F41A7291CEC6C000CCAE6 /* Resources */,
			);
			buildRules = (
			);
			dependencies = (
				5B1F41B0291CEC6D000CCAE6 /* PBXTargetDependency */,
			);
			name = EssentialAppUIAcceptanceTests;
			productName = EssentialAppUIAcceptanceTests;
			productReference = 5B1F41A9291CEC6D000CCAE6 /* EssentialAppUIAcceptanceTests.xctest */;
			productType = "com.apple.product-type.bundle.ui-testing";
		};
		5B82E87529150574000F4D6F /* EssentialApp */ = {
			isa = PBXNativeTarget;
			buildConfigurationList = 5B82E8A029150576000F4D6F /* Build configuration list for PBXNativeTarget "EssentialApp" */;
			buildPhases = (
				5B82E87229150574000F4D6F /* Sources */,
				5B82E87329150574000F4D6F /* Frameworks */,
				5B82E87429150574000F4D6F /* Resources */,
				5B696B212918F425001F25D9 /* Embed Frameworks */,
			);
			buildRules = (
			);
			dependencies = (
			);
			name = EssentialApp;
			productName = EssentialApp;
			productReference = 5B82E87629150574000F4D6F /* EssentialApp.app */;
			productType = "com.apple.product-type.application";
		};
		5B82E88B29150576000F4D6F /* EssentialAppTests */ = {
			isa = PBXNativeTarget;
			buildConfigurationList = 5B82E8A329150576000F4D6F /* Build configuration list for PBXNativeTarget "EssentialAppTests" */;
			buildPhases = (
				5B82E88829150576000F4D6F /* Sources */,
				5B82E88929150576000F4D6F /* Frameworks */,
				5B82E88A29150576000F4D6F /* Resources */,
			);
			buildRules = (
			);
			dependencies = (
				5B82E88E29150576000F4D6F /* PBXTargetDependency */,
			);
			name = EssentialAppTests;
			productName = EssentialAppTests;
			productReference = 5B82E88C29150576000F4D6F /* EssentialAppTests.xctest */;
			productType = "com.apple.product-type.bundle.unit-test";
		};
/* End PBXNativeTarget section */

/* Begin PBXProject section */
		5B82E86E29150574000F4D6F /* Project object */ = {
			isa = PBXProject;
			attributes = {
				BuildIndependentTargetsInParallel = 1;
				LastSwiftUpdateCheck = 1410;
				LastUpgradeCheck = 1410;
				TargetAttributes = {
					5B1F41A8291CEC6C000CCAE6 = {
						CreatedOnToolsVersion = 14.1;
						TestTargetID = 5B82E87529150574000F4D6F;
					};
					5B82E87529150574000F4D6F = {
						CreatedOnToolsVersion = 14.1;
					};
					5B82E88B29150576000F4D6F = {
						CreatedOnToolsVersion = 14.1;
						LastSwiftMigration = 1410;
						TestTargetID = 5B82E87529150574000F4D6F;
					};
				};
			};
			buildConfigurationList = 5B82E87129150574000F4D6F /* Build configuration list for PBXProject "EssentialApp" */;
			compatibilityVersion = "Xcode 14.0";
			developmentRegion = en;
			hasScannedForEncodings = 0;
			knownRegions = (
				en,
				Base,
			);
			mainGroup = 5B82E86D29150574000F4D6F;
			productRefGroup = 5B82E87729150574000F4D6F /* Products */;
			projectDirPath = "";
			projectRoot = "";
			targets = (
				5B82E87529150574000F4D6F /* EssentialApp */,
				5B82E88B29150576000F4D6F /* EssentialAppTests */,
				5B1F41A8291CEC6C000CCAE6 /* EssentialAppUIAcceptanceTests */,
			);
		};
/* End PBXProject section */

/* Begin PBXResourcesBuildPhase section */
		5B1F41A7291CEC6C000CCAE6 /* Resources */ = {
			isa = PBXResourcesBuildPhase;
			buildActionMask = 2147483647;
			files = (
			);
			runOnlyForDeploymentPostprocessing = 0;
		};
		5B82E87429150574000F4D6F /* Resources */ = {
			isa = PBXResourcesBuildPhase;
			buildActionMask = 2147483647;
			files = (
				5B82E88629150576000F4D6F /* LaunchScreen.storyboard in Resources */,
				5B82E88329150576000F4D6F /* Assets.xcassets in Resources */,
				5B82E88129150574000F4D6F /* Main.storyboard in Resources */,
			);
			runOnlyForDeploymentPostprocessing = 0;
		};
		5B82E88A29150576000F4D6F /* Resources */ = {
			isa = PBXResourcesBuildPhase;
			buildActionMask = 2147483647;
			files = (
			);
			runOnlyForDeploymentPostprocessing = 0;
		};
/* End PBXResourcesBuildPhase section */

/* Begin PBXSourcesBuildPhase section */
		5B1F41A5291CEC6C000CCAE6 /* Sources */ = {
			isa = PBXSourcesBuildPhase;
			buildActionMask = 2147483647;
			files = (
				5B1F41AC291CEC6D000CCAE6 /* EssentialAppUIAcceptanceTests.swift in Sources */,
			);
			runOnlyForDeploymentPostprocessing = 0;
		};
		5B82E87229150574000F4D6F /* Sources */ = {
			isa = PBXSourcesBuildPhase;
			buildActionMask = 2147483647;
			files = (
				5BCE2FDC29237D5F00621DED /* FeedImageDataLoaderPresentationAdapter.swift in Sources */,
				5BCE2FDB29237D5F00621DED /* FeedLoaderPresentationAdapter.swift in Sources */,
				5B82E87E29150574000F4D6F /* ViewController.swift in Sources */,
				5B82E87A29150574000F4D6F /* AppDelegate.swift in Sources */,
				5BCE2FDA29237D5F00621DED /* WeakRefVirtualProxy.swift in Sources */,
				5B696B2A29194373001F25D9 /* FeedLoaderWithFallbackComposite.swift in Sources */,
				5BC8E430291B9C7700C1ADB7 /* FeedLoaderCacheDecorator.swift in Sources */,
				5BCE2FDD29237D5F00621DED /* FeedUIComposer.swift in Sources */,
				5BCE2FDE29237D5F00621DED /* MainQueueDispatchDecorator.swift in Sources */,
				5BC8903B291E3D1F00189C60 /* DebuggingSceneDelegate.swift in Sources */,
				5B82E87C29150574000F4D6F /* SceneDelegate.swift in Sources */,
				5BD06558291A421300642446 /* FeedImageDataLoaderWithFallbackComposite.swift in Sources */,
				5BCE2FD929237D5F00621DED /* FeedViewAdapter.swift in Sources */,
				5B920DBC291C429C0056677F /* FeedImageDataLoaderCacheDecorator.swift in Sources */,
			);
			runOnlyForDeploymentPostprocessing = 0;
		};
		5B82E88829150576000F4D6F /* Sources */ = {
			isa = PBXSourcesBuildPhase;
			buildActionMask = 2147483647;
			files = (
				5BCE2FED29237D8E00621DED /* FeedUIIntegrationTests+LoaderSpy.swift in Sources */,
				5BCE2FEC29237D8E00621DED /* FeedViewController+TestHelpers.swift in Sources */,
				5BCE2FEB29237D8E00621DED /* FeedViewContellerTests+Localization.swift in Sources */,
				5BD0655E291A439100642446 /* SharedTestHelpers.swift in Sources */,
				5B920DB4291C3DCB0056677F /* FeedImageDataLoaderCacheDecoratorTests.swift in Sources */,
				5BCE2FEE29237D8E00621DED /* UIButton+TestHelpers.swift in Sources */,
				5BC8E42C291B956500C1ADB7 /* XCTestCase+FeedLoader.swift in Sources */,
				5BCE2FE929237D8E00621DED /* UIControl+TestHelpers.swift in Sources */,
				5B920DB8291C401D0056677F /* XCTestCase+FeedImageDataLoader.swift in Sources */,
				5BCE2FF029237D8E00621DED /* FeedUIIntegrationTests+Assertions.swift in Sources */,
				5B14E8DF2922CC6A0055CB25 /* SceneDelegateTests.swift in Sources */,
				5B696B2E29197D9B001F25D9 /* FeedImageDataLoaderWithFallbackCompositeTests.swift in Sources */,
				5BCE2FEF29237D8E00621DED /* FeedImageCell+TestHelpers.swift in Sources */,
				5B920DB6291C3F780056677F /* FeedImageDataLoaderSpy.swift in Sources */,
				5B696B262918F5B6001F25D9 /* FeedLoaderWithFallbackCompositeTests.swift in Sources */,
				5BC8E428291B916600C1ADB7 /* FeedLoaderCacheDecoratorTests.swift in Sources */,
				5BC8E42A291B944900C1ADB7 /* FeedLoaderStub.swift in Sources */,
				5BCE2FEA29237D8E00621DED /* UIRefreshControl+TestHelpers.swift in Sources */,
				5BD0655C291A434A00642446 /* XCTestCase+MemoryLeakTracking.swift in Sources */,
				5BCE2FF229237DC100621DED /* FeedUIIntegrationTests.swift in Sources */,
				5BCE2FE829237D8E00621DED /* UIImage+TestHelpers.swift in Sources */,
			);
			runOnlyForDeploymentPostprocessing = 0;
		};
/* End PBXSourcesBuildPhase section */

/* Begin PBXTargetDependency section */
		5B1F41B0291CEC6D000CCAE6 /* PBXTargetDependency */ = {
			isa = PBXTargetDependency;
			target = 5B82E87529150574000F4D6F /* EssentialApp */;
			targetProxy = 5B1F41AF291CEC6D000CCAE6 /* PBXContainerItemProxy */;
		};
		5B82E88E29150576000F4D6F /* PBXTargetDependency */ = {
			isa = PBXTargetDependency;
			target = 5B82E87529150574000F4D6F /* EssentialApp */;
			targetProxy = 5B82E88D29150576000F4D6F /* PBXContainerItemProxy */;
		};
/* End PBXTargetDependency section */

/* Begin PBXVariantGroup section */
		5B82E87F29150574000F4D6F /* Main.storyboard */ = {
			isa = PBXVariantGroup;
			children = (
				5B82E88029150574000F4D6F /* Base */,
			);
			name = Main.storyboard;
			sourceTree = "<group>";
		};
		5B82E88429150576000F4D6F /* LaunchScreen.storyboard */ = {
			isa = PBXVariantGroup;
			children = (
				5B82E88529150576000F4D6F /* Base */,
			);
			name = LaunchScreen.storyboard;
			sourceTree = "<group>";
		};
/* End PBXVariantGroup section */

/* Begin XCBuildConfiguration section */
		5B1F41B1291CEC6D000CCAE6 /* Debug */ = {
			isa = XCBuildConfiguration;
			buildSettings = {
				CODE_SIGN_STYLE = Automatic;
				CURRENT_PROJECT_VERSION = 1;
				DEVELOPMENT_TEAM = 79N987WTJK;
				GENERATE_INFOPLIST_FILE = YES;
				IPHONEOS_DEPLOYMENT_TARGET = 15.0;
				MARKETING_VERSION = 1.0;
				PRODUCT_BUNDLE_IDENTIFIER = com.EssentialAppUIAcceptanceTests;
				PRODUCT_NAME = "$(TARGET_NAME)";
				SWIFT_EMIT_LOC_STRINGS = NO;
				SWIFT_VERSION = 5.0;
				TARGETED_DEVICE_FAMILY = "1,2";
				TEST_TARGET_NAME = EssentialApp;
			};
			name = Debug;
		};
		5B1F41B2291CEC6D000CCAE6 /* Release */ = {
			isa = XCBuildConfiguration;
			buildSettings = {
				CODE_SIGN_STYLE = Automatic;
				CURRENT_PROJECT_VERSION = 1;
				DEVELOPMENT_TEAM = 79N987WTJK;
				GENERATE_INFOPLIST_FILE = YES;
				IPHONEOS_DEPLOYMENT_TARGET = 15.0;
				MARKETING_VERSION = 1.0;
				PRODUCT_BUNDLE_IDENTIFIER = com.EssentialAppUIAcceptanceTests;
				PRODUCT_NAME = "$(TARGET_NAME)";
				SWIFT_EMIT_LOC_STRINGS = NO;
				SWIFT_VERSION = 5.0;
				TARGETED_DEVICE_FAMILY = "1,2";
				TEST_TARGET_NAME = EssentialApp;
			};
			name = Release;
		};
		5B82E89E29150576000F4D6F /* Debug */ = {
			isa = XCBuildConfiguration;
			buildSettings = {
				ALWAYS_SEARCH_USER_PATHS = NO;
				CLANG_ANALYZER_NONNULL = YES;
				CLANG_ANALYZER_NUMBER_OBJECT_CONVERSION = YES_AGGRESSIVE;
				CLANG_CXX_LANGUAGE_STANDARD = "gnu++20";
				CLANG_ENABLE_MODULES = YES;
				CLANG_ENABLE_OBJC_ARC = YES;
				CLANG_ENABLE_OBJC_WEAK = YES;
				CLANG_WARN_BLOCK_CAPTURE_AUTORELEASING = YES;
				CLANG_WARN_BOOL_CONVERSION = YES;
				CLANG_WARN_COMMA = YES;
				CLANG_WARN_CONSTANT_CONVERSION = YES;
				CLANG_WARN_DEPRECATED_OBJC_IMPLEMENTATIONS = YES;
				CLANG_WARN_DIRECT_OBJC_ISA_USAGE = YES_ERROR;
				CLANG_WARN_DOCUMENTATION_COMMENTS = YES;
				CLANG_WARN_EMPTY_BODY = YES;
				CLANG_WARN_ENUM_CONVERSION = YES;
				CLANG_WARN_INFINITE_RECURSION = YES;
				CLANG_WARN_INT_CONVERSION = YES;
				CLANG_WARN_NON_LITERAL_NULL_CONVERSION = YES;
				CLANG_WARN_OBJC_IMPLICIT_RETAIN_SELF = YES;
				CLANG_WARN_OBJC_LITERAL_CONVERSION = YES;
				CLANG_WARN_OBJC_ROOT_CLASS = YES_ERROR;
				CLANG_WARN_QUOTED_INCLUDE_IN_FRAMEWORK_HEADER = YES;
				CLANG_WARN_RANGE_LOOP_ANALYSIS = YES;
				CLANG_WARN_STRICT_PROTOTYPES = YES;
				CLANG_WARN_SUSPICIOUS_MOVE = YES;
				CLANG_WARN_UNGUARDED_AVAILABILITY = YES_AGGRESSIVE;
				CLANG_WARN_UNREACHABLE_CODE = YES;
				CLANG_WARN__DUPLICATE_METHOD_MATCH = YES;
				COPY_PHASE_STRIP = NO;
				DEBUG_INFORMATION_FORMAT = dwarf;
				ENABLE_STRICT_OBJC_MSGSEND = YES;
				ENABLE_TESTABILITY = YES;
				GCC_C_LANGUAGE_STANDARD = gnu11;
				GCC_DYNAMIC_NO_PIC = NO;
				GCC_NO_COMMON_BLOCKS = YES;
				GCC_OPTIMIZATION_LEVEL = 0;
				GCC_PREPROCESSOR_DEFINITIONS = (
					"DEBUG=1",
					"$(inherited)",
				);
				GCC_WARN_64_TO_32_BIT_CONVERSION = YES;
				GCC_WARN_ABOUT_RETURN_TYPE = YES_ERROR;
				GCC_WARN_UNDECLARED_SELECTOR = YES;
				GCC_WARN_UNINITIALIZED_AUTOS = YES_AGGRESSIVE;
				GCC_WARN_UNUSED_FUNCTION = YES;
				GCC_WARN_UNUSED_VARIABLE = YES;
				IPHONEOS_DEPLOYMENT_TARGET = 15.0;
				MTL_ENABLE_DEBUG_INFO = INCLUDE_SOURCE;
				MTL_FAST_MATH = YES;
				ONLY_ACTIVE_ARCH = YES;
				SDKROOT = iphoneos;
				SWIFT_ACTIVE_COMPILATION_CONDITIONS = DEBUG;
				SWIFT_OPTIMIZATION_LEVEL = "-Onone";
			};
			name = Debug;
		};
		5B82E89F29150576000F4D6F /* Release */ = {
			isa = XCBuildConfiguration;
			buildSettings = {
				ALWAYS_SEARCH_USER_PATHS = NO;
				CLANG_ANALYZER_NONNULL = YES;
				CLANG_ANALYZER_NUMBER_OBJECT_CONVERSION = YES_AGGRESSIVE;
				CLANG_CXX_LANGUAGE_STANDARD = "gnu++20";
				CLANG_ENABLE_MODULES = YES;
				CLANG_ENABLE_OBJC_ARC = YES;
				CLANG_ENABLE_OBJC_WEAK = YES;
				CLANG_WARN_BLOCK_CAPTURE_AUTORELEASING = YES;
				CLANG_WARN_BOOL_CONVERSION = YES;
				CLANG_WARN_COMMA = YES;
				CLANG_WARN_CONSTANT_CONVERSION = YES;
				CLANG_WARN_DEPRECATED_OBJC_IMPLEMENTATIONS = YES;
				CLANG_WARN_DIRECT_OBJC_ISA_USAGE = YES_ERROR;
				CLANG_WARN_DOCUMENTATION_COMMENTS = YES;
				CLANG_WARN_EMPTY_BODY = YES;
				CLANG_WARN_ENUM_CONVERSION = YES;
				CLANG_WARN_INFINITE_RECURSION = YES;
				CLANG_WARN_INT_CONVERSION = YES;
				CLANG_WARN_NON_LITERAL_NULL_CONVERSION = YES;
				CLANG_WARN_OBJC_IMPLICIT_RETAIN_SELF = YES;
				CLANG_WARN_OBJC_LITERAL_CONVERSION = YES;
				CLANG_WARN_OBJC_ROOT_CLASS = YES_ERROR;
				CLANG_WARN_QUOTED_INCLUDE_IN_FRAMEWORK_HEADER = YES;
				CLANG_WARN_RANGE_LOOP_ANALYSIS = YES;
				CLANG_WARN_STRICT_PROTOTYPES = YES;
				CLANG_WARN_SUSPICIOUS_MOVE = YES;
				CLANG_WARN_UNGUARDED_AVAILABILITY = YES_AGGRESSIVE;
				CLANG_WARN_UNREACHABLE_CODE = YES;
				CLANG_WARN__DUPLICATE_METHOD_MATCH = YES;
				COPY_PHASE_STRIP = NO;
				DEBUG_INFORMATION_FORMAT = "dwarf-with-dsym";
				ENABLE_NS_ASSERTIONS = NO;
				ENABLE_STRICT_OBJC_MSGSEND = YES;
				GCC_C_LANGUAGE_STANDARD = gnu11;
				GCC_NO_COMMON_BLOCKS = YES;
				GCC_WARN_64_TO_32_BIT_CONVERSION = YES;
				GCC_WARN_ABOUT_RETURN_TYPE = YES_ERROR;
				GCC_WARN_UNDECLARED_SELECTOR = YES;
				GCC_WARN_UNINITIALIZED_AUTOS = YES_AGGRESSIVE;
				GCC_WARN_UNUSED_FUNCTION = YES;
				GCC_WARN_UNUSED_VARIABLE = YES;
				IPHONEOS_DEPLOYMENT_TARGET = 15.0;
				MTL_ENABLE_DEBUG_INFO = NO;
				MTL_FAST_MATH = YES;
				SDKROOT = iphoneos;
				SWIFT_COMPILATION_MODE = wholemodule;
				SWIFT_OPTIMIZATION_LEVEL = "-O";
				VALIDATE_PRODUCT = YES;
			};
			name = Release;
		};
		5B82E8A129150576000F4D6F /* Debug */ = {
			isa = XCBuildConfiguration;
			buildSettings = {
				ASSETCATALOG_COMPILER_APPICON_NAME = AppIcon;
				ASSETCATALOG_COMPILER_GLOBAL_ACCENT_COLOR_NAME = AccentColor;
				CODE_SIGN_STYLE = Automatic;
				CURRENT_PROJECT_VERSION = 1;
				DEVELOPMENT_TEAM = 79N987WTJK;
				GENERATE_INFOPLIST_FILE = YES;
				INFOPLIST_FILE = EssentialApp/Info.plist;
				INFOPLIST_KEY_UIApplicationSupportsIndirectInputEvents = YES;
				INFOPLIST_KEY_UILaunchStoryboardName = LaunchScreen;
				INFOPLIST_KEY_UIMainStoryboardFile = Main;
				INFOPLIST_KEY_UISupportedInterfaceOrientations_iPad = "UIInterfaceOrientationPortrait UIInterfaceOrientationPortraitUpsideDown UIInterfaceOrientationLandscapeLeft UIInterfaceOrientationLandscapeRight";
				INFOPLIST_KEY_UISupportedInterfaceOrientations_iPhone = "UIInterfaceOrientationPortrait UIInterfaceOrientationLandscapeLeft UIInterfaceOrientationLandscapeRight";
				LD_RUNPATH_SEARCH_PATHS = (
					"$(inherited)",
					"@executable_path/Frameworks",
				);
				MARKETING_VERSION = 1.0;
				PRODUCT_BUNDLE_IDENTIFIER = com.EssentialApp;
				PRODUCT_NAME = "$(TARGET_NAME)";
				SWIFT_EMIT_LOC_STRINGS = YES;
				SWIFT_VERSION = 5.0;
				TARGETED_DEVICE_FAMILY = "1,2";
			};
			name = Debug;
		};
		5B82E8A229150576000F4D6F /* Release */ = {
			isa = XCBuildConfiguration;
			buildSettings = {
				ASSETCATALOG_COMPILER_APPICON_NAME = AppIcon;
				ASSETCATALOG_COMPILER_GLOBAL_ACCENT_COLOR_NAME = AccentColor;
				CODE_SIGN_STYLE = Automatic;
				CURRENT_PROJECT_VERSION = 1;
				DEVELOPMENT_TEAM = 79N987WTJK;
				GENERATE_INFOPLIST_FILE = YES;
				INFOPLIST_FILE = EssentialApp/Info.plist;
				INFOPLIST_KEY_UIApplicationSupportsIndirectInputEvents = YES;
				INFOPLIST_KEY_UILaunchStoryboardName = LaunchScreen;
				INFOPLIST_KEY_UIMainStoryboardFile = Main;
				INFOPLIST_KEY_UISupportedInterfaceOrientations_iPad = "UIInterfaceOrientationPortrait UIInterfaceOrientationPortraitUpsideDown UIInterfaceOrientationLandscapeLeft UIInterfaceOrientationLandscapeRight";
				INFOPLIST_KEY_UISupportedInterfaceOrientations_iPhone = "UIInterfaceOrientationPortrait UIInterfaceOrientationLandscapeLeft UIInterfaceOrientationLandscapeRight";
				LD_RUNPATH_SEARCH_PATHS = (
					"$(inherited)",
					"@executable_path/Frameworks",
				);
				MARKETING_VERSION = 1.0;
				PRODUCT_BUNDLE_IDENTIFIER = com.EssentialApp;
				PRODUCT_NAME = "$(TARGET_NAME)";
				SWIFT_EMIT_LOC_STRINGS = YES;
				SWIFT_VERSION = 5.0;
				TARGETED_DEVICE_FAMILY = "1,2";
			};
			name = Release;
		};
		5B82E8A429150576000F4D6F /* Debug */ = {
			isa = XCBuildConfiguration;
			buildSettings = {
				ALWAYS_EMBED_SWIFT_STANDARD_LIBRARIES = YES;
				BUNDLE_LOADER = "$(TEST_HOST)";
				CLANG_ENABLE_MODULES = YES;
				CODE_SIGN_STYLE = Automatic;
				CURRENT_PROJECT_VERSION = 1;
				DEVELOPMENT_TEAM = 79N987WTJK;
				GENERATE_INFOPLIST_FILE = YES;
				IPHONEOS_DEPLOYMENT_TARGET = 15.0;
				LD_RUNPATH_SEARCH_PATHS = (
					"$(inherited)",
					"@executable_path/Frameworks",
					"@loader_path/Frameworks",
				);
				MARKETING_VERSION = 1.0;
				PRODUCT_BUNDLE_IDENTIFIER = com.EssentialAppTests;
				PRODUCT_NAME = "$(TARGET_NAME)";
				SWIFT_EMIT_LOC_STRINGS = NO;
				SWIFT_OPTIMIZATION_LEVEL = "-Onone";
				SWIFT_VERSION = 5.0;
				TARGETED_DEVICE_FAMILY = "1,2";
				TEST_HOST = "$(BUILT_PRODUCTS_DIR)/EssentialApp.app/$(BUNDLE_EXECUTABLE_FOLDER_PATH)/EssentialApp";
			};
			name = Debug;
		};
		5B82E8A529150576000F4D6F /* Release */ = {
			isa = XCBuildConfiguration;
			buildSettings = {
				ALWAYS_EMBED_SWIFT_STANDARD_LIBRARIES = YES;
				BUNDLE_LOADER = "$(TEST_HOST)";
				CLANG_ENABLE_MODULES = YES;
				CODE_SIGN_STYLE = Automatic;
				CURRENT_PROJECT_VERSION = 1;
				DEVELOPMENT_TEAM = 79N987WTJK;
				GENERATE_INFOPLIST_FILE = YES;
				IPHONEOS_DEPLOYMENT_TARGET = 15.0;
				LD_RUNPATH_SEARCH_PATHS = (
					"$(inherited)",
					"@executable_path/Frameworks",
					"@loader_path/Frameworks",
				);
				MARKETING_VERSION = 1.0;
				PRODUCT_BUNDLE_IDENTIFIER = com.EssentialAppTests;
				PRODUCT_NAME = "$(TARGET_NAME)";
				SWIFT_EMIT_LOC_STRINGS = NO;
				SWIFT_VERSION = 5.0;
				TARGETED_DEVICE_FAMILY = "1,2";
				TEST_HOST = "$(BUILT_PRODUCTS_DIR)/EssentialApp.app/$(BUNDLE_EXECUTABLE_FOLDER_PATH)/EssentialApp";
			};
			name = Release;
		};
/* End XCBuildConfiguration section */

/* Begin XCConfigurationList section */
		5B1F41B3291CEC6D000CCAE6 /* Build configuration list for PBXNativeTarget "EssentialAppUIAcceptanceTests" */ = {
			isa = XCConfigurationList;
			buildConfigurations = (
				5B1F41B1291CEC6D000CCAE6 /* Debug */,
				5B1F41B2291CEC6D000CCAE6 /* Release */,
			);
			defaultConfigurationIsVisible = 0;
			defaultConfigurationName = Release;
		};
		5B82E87129150574000F4D6F /* Build configuration list for PBXProject "EssentialApp" */ = {
			isa = XCConfigurationList;
			buildConfigurations = (
				5B82E89E29150576000F4D6F /* Debug */,
				5B82E89F29150576000F4D6F /* Release */,
			);
			defaultConfigurationIsVisible = 0;
			defaultConfigurationName = Release;
		};
		5B82E8A029150576000F4D6F /* Build configuration list for PBXNativeTarget "EssentialApp" */ = {
			isa = XCConfigurationList;
			buildConfigurations = (
				5B82E8A129150576000F4D6F /* Debug */,
				5B82E8A229150576000F4D6F /* Release */,
			);
			defaultConfigurationIsVisible = 0;
			defaultConfigurationName = Release;
		};
		5B82E8A329150576000F4D6F /* Build configuration list for PBXNativeTarget "EssentialAppTests" */ = {
			isa = XCConfigurationList;
			buildConfigurations = (
				5B82E8A429150576000F4D6F /* Debug */,
				5B82E8A529150576000F4D6F /* Release */,
			);
			defaultConfigurationIsVisible = 0;
			defaultConfigurationName = Release;
		};
/* End XCConfigurationList section */
	};
	rootObject = 5B82E86E29150574000F4D6F /* Project object */;
}
